// !$*UTF8*$!
{
	archiveVersion = 1;
	classes = {
	};
	objectVersion = 56;
	objects = {

/* Begin PBXBuildFile section */
		577A68542AEA38D200F448B0 /* AppDelegate.swift in Sources */ = {isa = PBXBuildFile; fileRef = 577A68532AEA38D200F448B0 /* AppDelegate.swift */; };
		577A68562AEA38D200F448B0 /* SceneDelegate.swift in Sources */ = {isa = PBXBuildFile; fileRef = 577A68552AEA38D200F448B0 /* SceneDelegate.swift */; };
		577A68582AEA38D200F448B0 /* ViewController.swift in Sources */ = {isa = PBXBuildFile; fileRef = 577A68572AEA38D200F448B0 /* ViewController.swift */; };
		577A685B2AEA38D200F448B0 /* Main.storyboard in Resources */ = {isa = PBXBuildFile; fileRef = 577A68592AEA38D200F448B0 /* Main.storyboard */; };
		577A685D2AEA38D400F448B0 /* Assets.xcassets in Resources */ = {isa = PBXBuildFile; fileRef = 577A685C2AEA38D400F448B0 /* Assets.xcassets */; };
		577A68602AEA38D400F448B0 /* LaunchScreen.storyboard in Resources */ = {isa = PBXBuildFile; fileRef = 577A685E2AEA38D400F448B0 /* LaunchScreen.storyboard */; };
		577A686B2AEA38D400F448B0 /* image_pickerTests.swift in Sources */ = {isa = PBXBuildFile; fileRef = 577A686A2AEA38D400F448B0 /* image_pickerTests.swift */; };
		577A68752AEA38D400F448B0 /* image_pickerUITests.swift in Sources */ = {isa = PBXBuildFile; fileRef = 577A68742AEA38D400F448B0 /* image_pickerUITests.swift */; };
		577A68772AEA38D400F448B0 /* image_pickerUITestsLaunchTests.swift in Sources */ = {isa = PBXBuildFile; fileRef = 577A68762AEA38D400F448B0 /* image_pickerUITestsLaunchTests.swift */; };
/* End PBXBuildFile section */

/* Begin PBXContainerItemProxy section */
		577A68672AEA38D400F448B0 /* PBXContainerItemProxy */ = {
			isa = PBXContainerItemProxy;
			containerPortal = 577A68482AEA38D200F448B0 /* Project object */;
			proxyType = 1;
			remoteGlobalIDString = 577A684F2AEA38D200F448B0;
			remoteInfo = image_picker;
		};
		577A68712AEA38D400F448B0 /* PBXContainerItemProxy */ = {
			isa = PBXContainerItemProxy;
			containerPortal = 577A68482AEA38D200F448B0 /* Project object */;
			proxyType = 1;
			remoteGlobalIDString = 577A684F2AEA38D200F448B0;
			remoteInfo = image_picker;
		};
/* End PBXContainerItemProxy section */

/* Begin PBXFileReference section */
		577A68502AEA38D200F448B0 /* image_picker.app */ = {isa = PBXFileReference; explicitFileType = wrapper.application; includeInIndex = 0; path = image_picker.app; sourceTree = BUILT_PRODUCTS_DIR; };
		577A68532AEA38D200F448B0 /* AppDelegate.swift */ = {isa = PBXFileReference; lastKnownFileType = sourcecode.swift; path = AppDelegate.swift; sourceTree = "<group>"; };
		577A68552AEA38D200F448B0 /* SceneDelegate.swift */ = {isa = PBXFileReference; lastKnownFileType = sourcecode.swift; path = SceneDelegate.swift; sourceTree = "<group>"; };
		577A68572AEA38D200F448B0 /* ViewController.swift */ = {isa = PBXFileReference; lastKnownFileType = sourcecode.swift; path = ViewController.swift; sourceTree = "<group>"; };
		577A685A2AEA38D200F448B0 /* Base */ = {isa = PBXFileReference; lastKnownFileType = file.storyboard; name = Base; path = Base.lproj/Main.storyboard; sourceTree = "<group>"; };
		577A685C2AEA38D400F448B0 /* Assets.xcassets */ = {isa = PBXFileReference; lastKnownFileType = folder.assetcatalog; path = Assets.xcassets; sourceTree = "<group>"; };
		577A685F2AEA38D400F448B0 /* Base */ = {isa = PBXFileReference; lastKnownFileType = file.storyboard; name = Base; path = Base.lproj/LaunchScreen.storyboard; sourceTree = "<group>"; };
		577A68612AEA38D400F448B0 /* Info.plist */ = {isa = PBXFileReference; lastKnownFileType = text.plist.xml; path = Info.plist; sourceTree = "<group>"; };
		577A68662AEA38D400F448B0 /* image_pickerTests.xctest */ = {isa = PBXFileReference; explicitFileType = wrapper.cfbundle; includeInIndex = 0; path = image_pickerTests.xctest; sourceTree = BUILT_PRODUCTS_DIR; };
		577A686A2AEA38D400F448B0 /* image_pickerTests.swift */ = {isa = PBXFileReference; lastKnownFileType = sourcecode.swift; path = image_pickerTests.swift; sourceTree = "<group>"; };
		577A68702AEA38D400F448B0 /* image_pickerUITests.xctest */ = {isa = PBXFileReference; explicitFileType = wrapper.cfbundle; includeInIndex = 0; path = image_pickerUITests.xctest; sourceTree = BUILT_PRODUCTS_DIR; };
		577A68742AEA38D400F448B0 /* image_pickerUITests.swift */ = {isa = PBXFileReference; lastKnownFileType = sourcecode.swift; path = image_pickerUITests.swift; sourceTree = "<group>"; };
		577A68762AEA38D400F448B0 /* image_pickerUITestsLaunchTests.swift */ = {isa = PBXFileReference; lastKnownFileType = sourcecode.swift; path = image_pickerUITestsLaunchTests.swift; sourceTree = "<group>"; };
/* End PBXFileReference section */

/* Begin PBXFrameworksBuildPhase section */
		577A684D2AEA38D200F448B0 /* Frameworks */ = {
			isa = PBXFrameworksBuildPhase;
			buildActionMask = 2147483647;
			files = (
			);
			runOnlyForDeploymentPostprocessing = 0;
		};
		577A68632AEA38D400F448B0 /* Frameworks */ = {
			isa = PBXFrameworksBuildPhase;
			buildActionMask = 2147483647;
			files = (
			);
			runOnlyForDeploymentPostprocessing = 0;
		};
		577A686D2AEA38D400F448B0 /* Frameworks */ = {
			isa = PBXFrameworksBuildPhase;
			buildActionMask = 2147483647;
			files = (
			);
			runOnlyForDeploymentPostprocessing = 0;
		};
/* End PBXFrameworksBuildPhase section */

/* Begin PBXGroup section */
		577A68472AEA38D200F448B0 = {
			isa = PBXGroup;
			children = (
				577A68522AEA38D200F448B0 /* image_picker */,
				577A68692AEA38D400F448B0 /* image_pickerTests */,
				577A68732AEA38D400F448B0 /* image_pickerUITests */,
				577A68512AEA38D200F448B0 /* Products */,
			);
			sourceTree = "<group>";
		};
		577A68512AEA38D200F448B0 /* Products */ = {
			isa = PBXGroup;
			children = (
				577A68502AEA38D200F448B0 /* image_picker.app */,
				577A68662AEA38D400F448B0 /* image_pickerTests.xctest */,
				577A68702AEA38D400F448B0 /* image_pickerUITests.xctest */,
			);
			name = Products;
			sourceTree = "<group>";
		};
		577A68522AEA38D200F448B0 /* image_picker */ = {
			isa = PBXGroup;
			children = (
				577A68532AEA38D200F448B0 /* AppDelegate.swift */,
				577A68552AEA38D200F448B0 /* SceneDelegate.swift */,
				577A68572AEA38D200F448B0 /* ViewController.swift */,
				577A68592AEA38D200F448B0 /* Main.storyboard */,
				577A685C2AEA38D400F448B0 /* Assets.xcassets */,
				577A685E2AEA38D400F448B0 /* LaunchScreen.storyboard */,
				577A68612AEA38D400F448B0 /* Info.plist */,
			);
			path = image_picker;
			sourceTree = "<group>";
		};
		577A68692AEA38D400F448B0 /* image_pickerTests */ = {
			isa = PBXGroup;
			children = (
				577A686A2AEA38D400F448B0 /* image_pickerTests.swift */,
			);
			path = image_pickerTests;
			sourceTree = "<group>";
		};
		577A68732AEA38D400F448B0 /* image_pickerUITests */ = {
			isa = PBXGroup;
			children = (
				577A68742AEA38D400F448B0 /* image_pickerUITests.swift */,
				577A68762AEA38D400F448B0 /* image_pickerUITestsLaunchTests.swift */,
			);
			path = image_pickerUITests;
			sourceTree = "<group>";
		};
/* End PBXGroup section */

/* Begin PBXNativeTarget section */
		577A684F2AEA38D200F448B0 /* image_picker */ = {
			isa = PBXNativeTarget;
			buildConfigurationList = 577A687A2AEA38D400F448B0 /* Build configuration list for PBXNativeTarget "image_picker" */;
			buildPhases = (
				577A684C2AEA38D200F448B0 /* Sources */,
				577A684D2AEA38D200F448B0 /* Frameworks */,
				577A684E2AEA38D200F448B0 /* Resources */,
			);
			buildRules = (
			);
			dependencies = (
			);
			name = image_picker;
			productName = image_picker;
			productReference = 577A68502AEA38D200F448B0 /* image_picker.app */;
			productType = "com.apple.product-type.application";
		};
		577A68652AEA38D400F448B0 /* image_pickerTests */ = {
			isa = PBXNativeTarget;
			buildConfigurationList = 577A687D2AEA38D400F448B0 /* Build configuration list for PBXNativeTarget "image_pickerTests" */;
			buildPhases = (
				577A68622AEA38D400F448B0 /* Sources */,
				577A68632AEA38D400F448B0 /* Frameworks */,
				577A68642AEA38D400F448B0 /* Resources */,
			);
			buildRules = (
			);
			dependencies = (
				577A68682AEA38D400F448B0 /* PBXTargetDependency */,
			);
			name = image_pickerTests;
			productName = image_pickerTests;
			productReference = 577A68662AEA38D400F448B0 /* image_pickerTests.xctest */;
			productType = "com.apple.product-type.bundle.unit-test";
		};
		577A686F2AEA38D400F448B0 /* image_pickerUITests */ = {
			isa = PBXNativeTarget;
			buildConfigurationList = 577A68802AEA38D400F448B0 /* Build configuration list for PBXNativeTarget "image_pickerUITests" */;
			buildPhases = (
				577A686C2AEA38D400F448B0 /* Sources */,
				577A686D2AEA38D400F448B0 /* Frameworks */,
				577A686E2AEA38D400F448B0 /* Resources */,
			);
			buildRules = (
			);
			dependencies = (
				577A68722AEA38D400F448B0 /* PBXTargetDependency */,
			);
			name = image_pickerUITests;
			productName = image_pickerUITests;
			productReference = 577A68702AEA38D400F448B0 /* image_pickerUITests.xctest */;
			productType = "com.apple.product-type.bundle.ui-testing";
		};
/* End PBXNativeTarget section */

/* Begin PBXProject section */
		577A68482AEA38D200F448B0 /* Project object */ = {
			isa = PBXProject;
			attributes = {
				BuildIndependentTargetsInParallel = 1;
				LastSwiftUpdateCheck = 1430;
				LastUpgradeCheck = 1430;
				TargetAttributes = {
					577A684F2AEA38D200F448B0 = {
						CreatedOnToolsVersion = 14.3.1;
					};
					577A68652AEA38D400F448B0 = {
						CreatedOnToolsVersion = 14.3.1;
						TestTargetID = 577A684F2AEA38D200F448B0;
					};
					577A686F2AEA38D400F448B0 = {
						CreatedOnToolsVersion = 14.3.1;
						TestTargetID = 577A684F2AEA38D200F448B0;
					};
				};
			};
			buildConfigurationList = 577A684B2AEA38D200F448B0 /* Build configuration list for PBXProject "image_picker" */;
			compatibilityVersion = "Xcode 14.0";
			developmentRegion = en;
			hasScannedForEncodings = 0;
			knownRegions = (
				en,
				Base,
			);
			mainGroup = 577A68472AEA38D200F448B0;
			productRefGroup = 577A68512AEA38D200F448B0 /* Products */;
			projectDirPath = "";
			projectRoot = "";
			targets = (
				577A684F2AEA38D200F448B0 /* image_picker */,
				577A68652AEA38D400F448B0 /* image_pickerTests */,
				577A686F2AEA38D400F448B0 /* image_pickerUITests */,
			);
		};
/* End PBXProject section */

/* Begin PBXResourcesBuildPhase section */
		577A684E2AEA38D200F448B0 /* Resources */ = {
			isa = PBXResourcesBuildPhase;
			buildActionMask = 2147483647;
			files = (
				577A68602AEA38D400F448B0 /* LaunchScreen.storyboard in Resources */,
				577A685D2AEA38D400F448B0 /* Assets.xcassets in Resources */,
				577A685B2AEA38D200F448B0 /* Main.storyboard in Resources */,
			);
			runOnlyForDeploymentPostprocessing = 0;
		};
		577A68642AEA38D400F448B0 /* Resources */ = {
			isa = PBXResourcesBuildPhase;
			buildActionMask = 2147483647;
			files = (
			);
			runOnlyForDeploymentPostprocessing = 0;
		};
		577A686E2AEA38D400F448B0 /* Resources */ = {
			isa = PBXResourcesBuildPhase;
			buildActionMask = 2147483647;
			files = (
			);
			runOnlyForDeploymentPostprocessing = 0;
		};
/* End PBXResourcesBuildPhase section */

/* Begin PBXSourcesBuildPhase section */
		577A684C2AEA38D200F448B0 /* Sources */ = {
			isa = PBXSourcesBuildPhase;
			buildActionMask = 2147483647;
			files = (
				577A68582AEA38D200F448B0 /* ViewController.swift in Sources */,
				577A68542AEA38D200F448B0 /* AppDelegate.swift in Sources */,
				577A68562AEA38D200F448B0 /* SceneDelegate.swift in Sources */,
			);
			runOnlyForDeploymentPostprocessing = 0;
		};
		577A68622AEA38D400F448B0 /* Sources */ = {
			isa = PBXSourcesBuildPhase;
			buildActionMask = 2147483647;
			files = (
				577A686B2AEA38D400F448B0 /* image_pickerTests.swift in Sources */,
			);
			runOnlyForDeploymentPostprocessing = 0;
		};
		577A686C2AEA38D400F448B0 /* Sources */ = {
			isa = PBXSourcesBuildPhase;
			buildActionMask = 2147483647;
			files = (
				577A68772AEA38D400F448B0 /* image_pickerUITestsLaunchTests.swift in Sources */,
				577A68752AEA38D400F448B0 /* image_pickerUITests.swift in Sources */,
			);
			runOnlyForDeploymentPostprocessing = 0;
		};
/* End PBXSourcesBuildPhase section */

/* Begin PBXTargetDependency section */
		577A68682AEA38D400F448B0 /* PBXTargetDependency */ = {
			isa = PBXTargetDependency;
			target = 577A684F2AEA38D200F448B0 /* image_picker */;
			targetProxy = 577A68672AEA38D400F448B0 /* PBXContainerItemProxy */;
		};
		577A68722AEA38D400F448B0 /* PBXTargetDependency */ = {
			isa = PBXTargetDependency;
			target = 577A684F2AEA38D200F448B0 /* image_picker */;
			targetProxy = 577A68712AEA38D400F448B0 /* PBXContainerItemProxy */;
		};
/* End PBXTargetDependency section */

/* Begin PBXVariantGroup section */
		577A68592AEA38D200F448B0 /* Main.storyboard */ = {
			isa = PBXVariantGroup;
			children = (
				577A685A2AEA38D200F448B0 /* Base */,
			);
			name = Main.storyboard;
			sourceTree = "<group>";
		};
		577A685E2AEA38D400F448B0 /* LaunchScreen.storyboard */ = {
			isa = PBXVariantGroup;
			children = (
				577A685F2AEA38D400F448B0 /* Base */,
			);
			name = LaunchScreen.storyboard;
			sourceTree = "<group>";
		};
/* End PBXVariantGroup section */

/* Begin XCBuildConfiguration section */
		577A68782AEA38D400F448B0 /* Debug */ = {
			isa = XCBuildConfiguration;
			buildSettings = {
				ALWAYS_SEARCH_USER_PATHS = NO;
				CLANG_ANALYZER_NONNULL = YES;
				CLANG_ANALYZER_NUMBER_OBJECT_CONVERSION = YES_AGGRESSIVE;
				CLANG_CXX_LANGUAGE_STANDARD = "gnu++20";
				CLANG_ENABLE_MODULES = YES;
				CLANG_ENABLE_OBJC_ARC = YES;
				CLANG_ENABLE_OBJC_WEAK = YES;
				CLANG_WARN_BLOCK_CAPTURE_AUTORELEASING = YES;
				CLANG_WARN_BOOL_CONVERSION = YES;
				CLANG_WARN_COMMA = YES;
				CLANG_WARN_CONSTANT_CONVERSION = YES;
				CLANG_WARN_DEPRECATED_OBJC_IMPLEMENTATIONS = YES;
				CLANG_WARN_DIRECT_OBJC_ISA_USAGE = YES_ERROR;
				CLANG_WARN_DOCUMENTATION_COMMENTS = YES;
				CLANG_WARN_EMPTY_BODY = YES;
				CLANG_WARN_ENUM_CONVERSION = YES;
				CLANG_WARN_INFINITE_RECURSION = YES;
				CLANG_WARN_INT_CONVERSION = YES;
				CLANG_WARN_NON_LITERAL_NULL_CONVERSION = YES;
				CLANG_WARN_OBJC_IMPLICIT_RETAIN_SELF = YES;
				CLANG_WARN_OBJC_LITERAL_CONVERSION = YES;
				CLANG_WARN_OBJC_ROOT_CLASS = YES_ERROR;
				CLANG_WARN_QUOTED_INCLUDE_IN_FRAMEWORK_HEADER = YES;
				CLANG_WARN_RANGE_LOOP_ANALYSIS = YES;
				CLANG_WARN_STRICT_PROTOTYPES = YES;
				CLANG_WARN_SUSPICIOUS_MOVE = YES;
				CLANG_WARN_UNGUARDED_AVAILABILITY = YES_AGGRESSIVE;
				CLANG_WARN_UNREACHABLE_CODE = YES;
				CLANG_WARN__DUPLICATE_METHOD_MATCH = YES;
				COPY_PHASE_STRIP = NO;
				DEBUG_INFORMATION_FORMAT = dwarf;
				ENABLE_STRICT_OBJC_MSGSEND = YES;
				ENABLE_TESTABILITY = YES;
				GCC_C_LANGUAGE_STANDARD = gnu11;
				GCC_DYNAMIC_NO_PIC = NO;
				GCC_NO_COMMON_BLOCKS = YES;
				GCC_OPTIMIZATION_LEVEL = 0;
				GCC_PREPROCESSOR_DEFINITIONS = (
					"DEBUG=1",
					"$(inherited)",
				);
				GCC_WARN_64_TO_32_BIT_CONVERSION = YES;
				GCC_WARN_ABOUT_RETURN_TYPE = YES_ERROR;
				GCC_WARN_UNDECLARED_SELECTOR = YES;
				GCC_WARN_UNINITIALIZED_AUTOS = YES_AGGRESSIVE;
				GCC_WARN_UNUSED_FUNCTION = YES;
				GCC_WARN_UNUSED_VARIABLE = YES;
				IPHONEOS_DEPLOYMENT_TARGET = 16.4;
				MTL_ENABLE_DEBUG_INFO = INCLUDE_SOURCE;
				MTL_FAST_MATH = YES;
				ONLY_ACTIVE_ARCH = YES;
				SDKROOT = iphoneos;
				SWIFT_ACTIVE_COMPILATION_CONDITIONS = DEBUG;
				SWIFT_OPTIMIZATION_LEVEL = "-Onone";
			};
			name = Debug;
		};
		577A68792AEA38D400F448B0 /* Release */ = {
			isa = XCBuildConfiguration;
			buildSettings = {
				ALWAYS_SEARCH_USER_PATHS = NO;
				CLANG_ANALYZER_NONNULL = YES;
				CLANG_ANALYZER_NUMBER_OBJECT_CONVERSION = YES_AGGRESSIVE;
				CLANG_CXX_LANGUAGE_STANDARD = "gnu++20";
				CLANG_ENABLE_MODULES = YES;
				CLANG_ENABLE_OBJC_ARC = YES;
				CLANG_ENABLE_OBJC_WEAK = YES;
				CLANG_WARN_BLOCK_CAPTURE_AUTORELEASING = YES;
				CLANG_WARN_BOOL_CONVERSION = YES;
				CLANG_WARN_COMMA = YES;
				CLANG_WARN_CONSTANT_CONVERSION = YES;
				CLANG_WARN_DEPRECATED_OBJC_IMPLEMENTATIONS = YES;
				CLANG_WARN_DIRECT_OBJC_ISA_USAGE = YES_ERROR;
				CLANG_WARN_DOCUMENTATION_COMMENTS = YES;
				CLANG_WARN_EMPTY_BODY = YES;
				CLANG_WARN_ENUM_CONVERSION = YES;
				CLANG_WARN_INFINITE_RECURSION = YES;
				CLANG_WARN_INT_CONVERSION = YES;
				CLANG_WARN_NON_LITERAL_NULL_CONVERSION = YES;
				CLANG_WARN_OBJC_IMPLICIT_RETAIN_SELF = YES;
				CLANG_WARN_OBJC_LITERAL_CONVERSION = YES;
				CLANG_WARN_OBJC_ROOT_CLASS = YES_ERROR;
				CLANG_WARN_QUOTED_INCLUDE_IN_FRAMEWORK_HEADER = YES;
				CLANG_WARN_RANGE_LOOP_ANALYSIS = YES;
				CLANG_WARN_STRICT_PROTOTYPES = YES;
				CLANG_WARN_SUSPICIOUS_MOVE = YES;
				CLANG_WARN_UNGUARDED_AVAILABILITY = YES_AGGRESSIVE;
				CLANG_WARN_UNREACHABLE_CODE = YES;
				CLANG_WARN__DUPLICATE_METHOD_MATCH = YES;
				COPY_PHASE_STRIP = NO;
				DEBUG_INFORMATION_FORMAT = "dwarf-with-dsym";
				ENABLE_NS_ASSERTIONS = NO;
				ENABLE_STRICT_OBJC_MSGSEND = YES;
				GCC_C_LANGUAGE_STANDARD = gnu11;
				GCC_NO_COMMON_BLOCKS = YES;
				GCC_WARN_64_TO_32_BIT_CONVERSION = YES;
				GCC_WARN_ABOUT_RETURN_TYPE = YES_ERROR;
				GCC_WARN_UNDECLARED_SELECTOR = YES;
				GCC_WARN_UNINITIALIZED_AUTOS = YES_AGGRESSIVE;
				GCC_WARN_UNUSED_FUNCTION = YES;
				GCC_WARN_UNUSED_VARIABLE = YES;
				IPHONEOS_DEPLOYMENT_TARGET = 16.4;
				MTL_ENABLE_DEBUG_INFO = NO;
				MTL_FAST_MATH = YES;
				SDKROOT = iphoneos;
				SWIFT_COMPILATION_MODE = wholemodule;
				SWIFT_OPTIMIZATION_LEVEL = "-O";
				VALIDATE_PRODUCT = YES;
			};
			name = Release;
		};
		577A687B2AEA38D400F448B0 /* Debug */ = {
			isa = XCBuildConfiguration;
			buildSettings = {
				ASSETCATALOG_COMPILER_APPICON_NAME = AppIcon;
				ASSETCATALOG_COMPILER_GLOBAL_ACCENT_COLOR_NAME = AccentColor;
				CODE_SIGN_STYLE = Automatic;
				CURRENT_PROJECT_VERSION = 1;
				DEVELOPMENT_TEAM = LFNJY639ZW;
				GENERATE_INFOPLIST_FILE = YES;
				INFOPLIST_FILE = image_picker/Info.plist;
				INFOPLIST_KEY_UIApplicationSupportsIndirectInputEvents = YES;
				INFOPLIST_KEY_UILaunchStoryboardName = LaunchScreen;
				INFOPLIST_KEY_UIMainStoryboardFile = Main;
				INFOPLIST_KEY_UISupportedInterfaceOrientations_iPad = "UIInterfaceOrientationPortrait UIInterfaceOrientationPortraitUpsideDown UIInterfaceOrientationLandscapeLeft UIInterfaceOrientationLandscapeRight";
				INFOPLIST_KEY_UISupportedInterfaceOrientations_iPhone = "UIInterfaceOrientationPortrait UIInterfaceOrientationLandscapeLeft UIInterfaceOrientationLandscapeRight";
				LD_RUNPATH_SEARCH_PATHS = (
					"$(inherited)",
					"@executable_path/Frameworks",
				);
				MARKETING_VERSION = 1.0;
				PRODUCT_BUNDLE_IDENTIFIER = "sreehari.image-picker";
				PRODUCT_NAME = "$(TARGET_NAME)";
				SWIFT_EMIT_LOC_STRINGS = YES;
				SWIFT_VERSION = 5.0;
				TARGETED_DEVICE_FAMILY = "1,2";
			};
			name = Debug;
		};
		577A687C2AEA38D400F448B0 /* Release */ = {
			isa = XCBuildConfiguration;
			buildSettings = {
				ASSETCATALOG_COMPILER_APPICON_NAME = AppIcon;
				ASSETCATALOG_COMPILER_GLOBAL_ACCENT_COLOR_NAME = AccentColor;
				CODE_SIGN_STYLE = Automatic;
				CURRENT_PROJECT_VERSION = 1;
				DEVELOPMENT_TEAM = LFNJY639ZW;
				GENERATE_INFOPLIST_FILE = YES;
				INFOPLIST_FILE = image_picker/Info.plist;
				INFOPLIST_KEY_UIApplicationSupportsIndirectInputEvents = YES;
				INFOPLIST_KEY_UILaunchStoryboardName = LaunchScreen;
				INFOPLIST_KEY_UIMainStoryboardFile = Main;
				INFOPLIST_KEY_UISupportedInterfaceOrientations_iPad = "UIInterfaceOrientationPortrait UIInterfaceOrientationPortraitUpsideDown UIInterfaceOrientationLandscapeLeft UIInterfaceOrientationLandscapeRight";
				INFOPLIST_KEY_UISupportedInterfaceOrientations_iPhone = "UIInterfaceOrientationPortrait UIInterfaceOrientationLandscapeLeft UIInterfaceOrientationLandscapeRight";
				LD_RUNPATH_SEARCH_PATHS = (
					"$(inherited)",
					"@executable_path/Frameworks",
				);
				MARKETING_VERSION = 1.0;
				PRODUCT_BUNDLE_IDENTIFIER = "sreehari.image-picker";
				PRODUCT_NAME = "$(TARGET_NAME)";
				SWIFT_EMIT_LOC_STRINGS = YES;
				SWIFT_VERSION = 5.0;
				TARGETED_DEVICE_FAMILY = "1,2";
			};
			name = Release;
		};
		577A687E2AEA38D400F448B0 /* Debug */ = {
			isa = XCBuildConfiguration;
			buildSettings = {
				ALWAYS_EMBED_SWIFT_STANDARD_LIBRARIES = YES;
				BUNDLE_LOADER = "$(TEST_HOST)";
				CODE_SIGN_STYLE = Automatic;
				CURRENT_PROJECT_VERSION = 1;
				DEVELOPMENT_TEAM = LFNJY639ZW;
				GENERATE_INFOPLIST_FILE = YES;
				IPHONEOS_DEPLOYMENT_TARGET = 16.4;
				MARKETING_VERSION = 1.0;
				PRODUCT_BUNDLE_IDENTIFIER = "sreehari.image-pickerTests";
				PRODUCT_NAME = "$(TARGET_NAME)";
				SWIFT_EMIT_LOC_STRINGS = NO;
				SWIFT_VERSION = 5.0;
				TARGETED_DEVICE_FAMILY = "1,2";
				TEST_HOST = "$(BUILT_PRODUCTS_DIR)/image_picker.app/$(BUNDLE_EXECUTABLE_FOLDER_PATH)/image_picker";
			};
			name = Debug;
		};
		577A687F2AEA38D400F448B0 /* Release */ = {
			isa = XCBuildConfiguration;
			buildSettings = {
				ALWAYS_EMBED_SWIFT_STANDARD_LIBRARIES = YES;
				BUNDLE_LOADER = "$(TEST_HOST)";
				CODE_SIGN_STYLE = Automatic;
				CURRENT_PROJECT_VERSION = 1;
				DEVELOPMENT_TEAM = LFNJY639ZW;
				GENERATE_INFOPLIST_FILE = YES;
				IPHONEOS_DEPLOYMENT_TARGET = 16.4;
				MARKETING_VERSION = 1.0;
				PRODUCT_BUNDLE_IDENTIFIER = "sreehari.image-pickerTests";
				PRODUCT_NAME = "$(TARGET_NAME)";
				SWIFT_EMIT_LOC_STRINGS = NO;
				SWIFT_VERSION = 5.0;
				TARGETED_DEVICE_FAMILY = "1,2";
				TEST_HOST = "$(BUILT_PRODUCTS_DIR)/image_picker.app/$(BUNDLE_EXECUTABLE_FOLDER_PATH)/image_picker";
			};
			name = Release;
		};
		577A68812AEA38D400F448B0 /* Debug */ = {
			isa = XCBuildConfiguration;
			buildSettings = {
				ALWAYS_EMBED_SWIFT_STANDARD_LIBRARIES = YES;
				CODE_SIGN_STYLE = Automatic;
				CURRENT_PROJECT_VERSION = 1;
				DEVELOPMENT_TEAM = LFNJY639ZW;
				GENERATE_INFOPLIST_FILE = YES;
				MARKETING_VERSION = 1.0;
				PRODUCT_BUNDLE_IDENTIFIER = "sreehari.image-pickerUITests";
				PRODUCT_NAME = "$(TARGET_NAME)";
				SWIFT_EMIT_LOC_STRINGS = NO;
				SWIFT_VERSION = 5.0;
				TARGETED_DEVICE_FAMILY = "1,2";
				TEST_TARGET_NAME = image_picker;
			};
			name = Debug;
		};
		577A68822AEA38D400F448B0 /* Release */ = {
			isa = XCBuildConfiguration;
			buildSettings = {
				ALWAYS_EMBED_SWIFT_STANDARD_LIBRARIES = YES;
				CODE_SIGN_STYLE = Automatic;
				CURRENT_PROJECT_VERSION = 1;
				DEVELOPMENT_TEAM = LFNJY639ZW;
				GENERATE_INFOPLIST_FILE = YES;
				MARKETING_VERSION = 1.0;
				PRODUCT_BUNDLE_IDENTIFIER = "sreehari.image-pickerUITests";
				PRODUCT_NAME = "$(TARGET_NAME)";
				SWIFT_EMIT_LOC_STRINGS = NO;
				SWIFT_VERSION = 5.0;
				TARGETED_DEVICE_FAMILY = "1,2";
				TEST_TARGET_NAME = image_picker;
			};
			name = Release;
		};
/* End XCBuildConfiguration section */

/* Begin XCConfigurationList section */
		577A684B2AEA38D200F448B0 /* Build configuration list for PBXProject "image_picker" */ = {
			isa = XCConfigurationList;
			buildConfigurations = (
				577A68782AEA38D400F448B0 /* Debug */,
				577A68792AEA38D400F448B0 /* Release */,
			);
			defaultConfigurationIsVisible = 0;
			defaultConfigurationName = Release;
		};
		577A687A2AEA38D400F448B0 /* Build configuration list for PBXNativeTarget "image_picker" */ = {
			isa = XCConfigurationList;
			buildConfigurations = (
				577A687B2AEA38D400F448B0 /* Debug */,
				577A687C2AEA38D400F448B0 /* Release */,
			);
			defaultConfigurationIsVisible = 0;
			defaultConfigurationName = Release;
		};
		577A687D2AEA38D400F448B0 /* Build configuration list for PBXNativeTarget "image_pickerTests" */ = {
			isa = XCConfigurationList;
			buildConfigurations = (
				577A687E2AEA38D400F448B0 /* Debug */,
				577A687F2AEA38D400F448B0 /* Release */,
			);
			defaultConfigurationIsVisible = 0;
			defaultConfigurationName = Release;
		};
		577A68802AEA38D400F448B0 /* Build configuration list for PBXNativeTarget "image_pickerUITests" */ = {
			isa = XCConfigurationList;
			buildConfigurations = (
				577A68812AEA38D400F448B0 /* Debug */,
				577A68822AEA38D400F448B0 /* Release */,
			);
			defaultConfigurationIsVisible = 0;
			defaultConfigurationName = Release;
		};
/* End XCConfigurationList section */
	};
	rootObject = 577A68482AEA38D200F448B0 /* Project object */;
}
