// !$*UTF8*$!
{
	archiveVersion = 1;
	classes = {
	};
	objectVersion = 56;
	objects = {

/* Begin PBXBuildFile section */
		577A679E2AEA29C200F448B0 /* AppDelegate.swift in Sources */ = {isa = PBXBuildFile; fileRef = 577A679D2AEA29C200F448B0 /* AppDelegate.swift */; };
		577A67A02AEA29C200F448B0 /* SceneDelegate.swift in Sources */ = {isa = PBXBuildFile; fileRef = 577A679F2AEA29C200F448B0 /* SceneDelegate.swift */; };
		577A67A22AEA29C200F448B0 /* ViewController.swift in Sources */ = {isa = PBXBuildFile; fileRef = 577A67A12AEA29C200F448B0 /* ViewController.swift */; };
		577A67A52AEA29C200F448B0 /* Main.storyboard in Resources */ = {isa = PBXBuildFile; fileRef = 577A67A32AEA29C200F448B0 /* Main.storyboard */; };
		577A67A72AEA29C300F448B0 /* Assets.xcassets in Resources */ = {isa = PBXBuildFile; fileRef = 577A67A62AEA29C300F448B0 /* Assets.xcassets */; };
		577A67AA2AEA29C300F448B0 /* LaunchScreen.storyboard in Resources */ = {isa = PBXBuildFile; fileRef = 577A67A82AEA29C300F448B0 /* LaunchScreen.storyboard */; };
		577A67B52AEA29C400F448B0 /* contactsappTests.swift in Sources */ = {isa = PBXBuildFile; fileRef = 577A67B42AEA29C400F448B0 /* contactsappTests.swift */; };
		577A67BF2AEA29C400F448B0 /* contactsappUITests.swift in Sources */ = {isa = PBXBuildFile; fileRef = 577A67BE2AEA29C400F448B0 /* contactsappUITests.swift */; };
		577A67C12AEA29C400F448B0 /* contactsappUITestsLaunchTests.swift in Sources */ = {isa = PBXBuildFile; fileRef = 577A67C02AEA29C400F448B0 /* contactsappUITestsLaunchTests.swift */; };
		577A67CE2AEA2BEE00F448B0 /* myTableViewCell.swift in Sources */ = {isa = PBXBuildFile; fileRef = 577A67CD2AEA2BEE00F448B0 /* myTableViewCell.swift */; };
/* End PBXBuildFile section */

/* Begin PBXContainerItemProxy section */
		577A67B12AEA29C400F448B0 /* PBXContainerItemProxy */ = {
			isa = PBXContainerItemProxy;
			containerPortal = 577A67922AEA29C200F448B0 /* Project object */;
			proxyType = 1;
			remoteGlobalIDString = 577A67992AEA29C200F448B0;
			remoteInfo = contactsapp;
		};
		577A67BB2AEA29C400F448B0 /* PBXContainerItemProxy */ = {
			isa = PBXContainerItemProxy;
			containerPortal = 577A67922AEA29C200F448B0 /* Project object */;
			proxyType = 1;
			remoteGlobalIDString = 577A67992AEA29C200F448B0;
			remoteInfo = contactsapp;
		};
/* End PBXContainerItemProxy section */

/* Begin PBXFileReference section */
		577A679A2AEA29C200F448B0 /* contactsapp.app */ = {isa = PBXFileReference; explicitFileType = wrapper.application; includeInIndex = 0; path = contactsapp.app; sourceTree = BUILT_PRODUCTS_DIR; };
		577A679D2AEA29C200F448B0 /* AppDelegate.swift */ = {isa = PBXFileReference; lastKnownFileType = sourcecode.swift; path = AppDelegate.swift; sourceTree = "<group>"; };
		577A679F2AEA29C200F448B0 /* SceneDelegate.swift */ = {isa = PBXFileReference; lastKnownFileType = sourcecode.swift; path = SceneDelegate.swift; sourceTree = "<group>"; };
		577A67A12AEA29C200F448B0 /* ViewController.swift */ = {isa = PBXFileReference; lastKnownFileType = sourcecode.swift; path = ViewController.swift; sourceTree = "<group>"; };
		577A67A42AEA29C200F448B0 /* Base */ = {isa = PBXFileReference; lastKnownFileType = file.storyboard; name = Base; path = Base.lproj/Main.storyboard; sourceTree = "<group>"; };
		577A67A62AEA29C300F448B0 /* Assets.xcassets */ = {isa = PBXFileReference; lastKnownFileType = folder.assetcatalog; path = Assets.xcassets; sourceTree = "<group>"; };
		577A67A92AEA29C300F448B0 /* Base */ = {isa = PBXFileReference; lastKnownFileType = file.storyboard; name = Base; path = Base.lproj/LaunchScreen.storyboard; sourceTree = "<group>"; };
		577A67AB2AEA29C300F448B0 /* Info.plist */ = {isa = PBXFileReference; lastKnownFileType = text.plist.xml; path = Info.plist; sourceTree = "<group>"; };
		577A67B02AEA29C400F448B0 /* contactsappTests.xctest */ = {isa = PBXFileReference; explicitFileType = wrapper.cfbundle; includeInIndex = 0; path = contactsappTests.xctest; sourceTree = BUILT_PRODUCTS_DIR; };
		577A67B42AEA29C400F448B0 /* contactsappTests.swift */ = {isa = PBXFileReference; lastKnownFileType = sourcecode.swift; path = contactsappTests.swift; sourceTree = "<group>"; };
		577A67BA2AEA29C400F448B0 /* contactsappUITests.xctest */ = {isa = PBXFileReference; explicitFileType = wrapper.cfbundle; includeInIndex = 0; path = contactsappUITests.xctest; sourceTree = BUILT_PRODUCTS_DIR; };
		577A67BE2AEA29C400F448B0 /* contactsappUITests.swift */ = {isa = PBXFileReference; lastKnownFileType = sourcecode.swift; path = contactsappUITests.swift; sourceTree = "<group>"; };
		577A67C02AEA29C400F448B0 /* contactsappUITestsLaunchTests.swift */ = {isa = PBXFileReference; lastKnownFileType = sourcecode.swift; path = contactsappUITestsLaunchTests.swift; sourceTree = "<group>"; };
		577A67CD2AEA2BEE00F448B0 /* myTableViewCell.swift */ = {isa = PBXFileReference; lastKnownFileType = sourcecode.swift; path = myTableViewCell.swift; sourceTree = "<group>"; };
/* End PBXFileReference section */

/* Begin PBXFrameworksBuildPhase section */
		577A67972AEA29C200F448B0 /* Frameworks */ = {
			isa = PBXFrameworksBuildPhase;
			buildActionMask = 2147483647;
			files = (
			);
			runOnlyForDeploymentPostprocessing = 0;
		};
		577A67AD2AEA29C400F448B0 /* Frameworks */ = {
			isa = PBXFrameworksBuildPhase;
			buildActionMask = 2147483647;
			files = (
			);
			runOnlyForDeploymentPostprocessing = 0;
		};
		577A67B72AEA29C400F448B0 /* Frameworks */ = {
			isa = PBXFrameworksBuildPhase;
			buildActionMask = 2147483647;
			files = (
			);
			runOnlyForDeploymentPostprocessing = 0;
		};
/* End PBXFrameworksBuildPhase section */

/* Begin PBXGroup section */
		577A67912AEA29C200F448B0 = {
			isa = PBXGroup;
			children = (
				577A679C2AEA29C200F448B0 /* contactsapp */,
				577A67B32AEA29C400F448B0 /* contactsappTests */,
				577A67BD2AEA29C400F448B0 /* contactsappUITests */,
				577A679B2AEA29C200F448B0 /* Products */,
			);
			sourceTree = "<group>";
		};
		577A679B2AEA29C200F448B0 /* Products */ = {
			isa = PBXGroup;
			children = (
				577A679A2AEA29C200F448B0 /* contactsapp.app */,
				577A67B02AEA29C400F448B0 /* contactsappTests.xctest */,
				577A67BA2AEA29C400F448B0 /* contactsappUITests.xctest */,
			);
			name = Products;
			sourceTree = "<group>";
		};
		577A679C2AEA29C200F448B0 /* contactsapp */ = {
			isa = PBXGroup;
			children = (
				577A679D2AEA29C200F448B0 /* AppDelegate.swift */,
				577A679F2AEA29C200F448B0 /* SceneDelegate.swift */,
				577A67A12AEA29C200F448B0 /* ViewController.swift */,
				577A67A32AEA29C200F448B0 /* Main.storyboard */,
				577A67CD2AEA2BEE00F448B0 /* myTableViewCell.swift */,
				577A67A62AEA29C300F448B0 /* Assets.xcassets */,
				577A67A82AEA29C300F448B0 /* LaunchScreen.storyboard */,
				577A67AB2AEA29C300F448B0 /* Info.plist */,
			);
			path = contactsapp;
			sourceTree = "<group>";
		};
		577A67B32AEA29C400F448B0 /* contactsappTests */ = {
			isa = PBXGroup;
			children = (
				577A67B42AEA29C400F448B0 /* contactsappTests.swift */,
			);
			path = contactsappTests;
			sourceTree = "<group>";
		};
		577A67BD2AEA29C400F448B0 /* contactsappUITests */ = {
			isa = PBXGroup;
			children = (
				577A67BE2AEA29C400F448B0 /* contactsappUITests.swift */,
				577A67C02AEA29C400F448B0 /* contactsappUITestsLaunchTests.swift */,
			);
			path = contactsappUITests;
			sourceTree = "<group>";
		};
/* End PBXGroup section */

/* Begin PBXNativeTarget section */
		577A67992AEA29C200F448B0 /* contactsapp */ = {
			isa = PBXNativeTarget;
			buildConfigurationList = 577A67C42AEA29C400F448B0 /* Build configuration list for PBXNativeTarget "contactsapp" */;
			buildPhases = (
				577A67962AEA29C200F448B0 /* Sources */,
				577A67972AEA29C200F448B0 /* Frameworks */,
				577A67982AEA29C200F448B0 /* Resources */,
			);
			buildRules = (
			);
			dependencies = (
			);
			name = contactsapp;
			productName = contactsapp;
			productReference = 577A679A2AEA29C200F448B0 /* contactsapp.app */;
			productType = "com.apple.product-type.application";
		};
		577A67AF2AEA29C400F448B0 /* contactsappTests */ = {
			isa = PBXNativeTarget;
			buildConfigurationList = 577A67C72AEA29C400F448B0 /* Build configuration list for PBXNativeTarget "contactsappTests" */;
			buildPhases = (
				577A67AC2AEA29C400F448B0 /* Sources */,
				577A67AD2AEA29C400F448B0 /* Frameworks */,
				577A67AE2AEA29C400F448B0 /* Resources */,
			);
			buildRules = (
			);
			dependencies = (
				577A67B22AEA29C400F448B0 /* PBXTargetDependency */,
			);
			name = contactsappTests;
			productName = contactsappTests;
			productReference = 577A67B02AEA29C400F448B0 /* contactsappTests.xctest */;
			productType = "com.apple.product-type.bundle.unit-test";
		};
		577A67B92AEA29C400F448B0 /* contactsappUITests */ = {
			isa = PBXNativeTarget;
			buildConfigurationList = 577A67CA2AEA29C400F448B0 /* Build configuration list for PBXNativeTarget "contactsappUITests" */;
			buildPhases = (
				577A67B62AEA29C400F448B0 /* Sources */,
				577A67B72AEA29C400F448B0 /* Frameworks */,
				577A67B82AEA29C400F448B0 /* Resources */,
			);
			buildRules = (
			);
			dependencies = (
				577A67BC2AEA29C400F448B0 /* PBXTargetDependency */,
			);
			name = contactsappUITests;
			productName = contactsappUITests;
			productReference = 577A67BA2AEA29C400F448B0 /* contactsappUITests.xctest */;
			productType = "com.apple.product-type.bundle.ui-testing";
		};
/* End PBXNativeTarget section */

/* Begin PBXProject section */
		577A67922AEA29C200F448B0 /* Project object */ = {
			isa = PBXProject;
			attributes = {
				BuildIndependentTargetsInParallel = 1;
				LastSwiftUpdateCheck = 1430;
				LastUpgradeCheck = 1430;
				TargetAttributes = {
					577A67992AEA29C200F448B0 = {
						CreatedOnToolsVersion = 14.3.1;
					};
					577A67AF2AEA29C400F448B0 = {
						CreatedOnToolsVersion = 14.3.1;
						TestTargetID = 577A67992AEA29C200F448B0;
					};
					577A67B92AEA29C400F448B0 = {
						CreatedOnToolsVersion = 14.3.1;
						TestTargetID = 577A67992AEA29C200F448B0;
					};
				};
			};
			buildConfigurationList = 577A67952AEA29C200F448B0 /* Build configuration list for PBXProject "contactsapp" */;
			compatibilityVersion = "Xcode 14.0";
			developmentRegion = en;
			hasScannedForEncodings = 0;
			knownRegions = (
				en,
				Base,
			);
			mainGroup = 577A67912AEA29C200F448B0;
			productRefGroup = 577A679B2AEA29C200F448B0 /* Products */;
			projectDirPath = "";
			projectRoot = "";
			targets = (
				577A67992AEA29C200F448B0 /* contactsapp */,
				577A67AF2AEA29C400F448B0 /* contactsappTests */,
				577A67B92AEA29C400F448B0 /* contactsappUITests */,
			);
		};
/* End PBXProject section */

/* Begin PBXResourcesBuildPhase section */
		577A67982AEA29C200F448B0 /* Resources */ = {
			isa = PBXResourcesBuildPhase;
			buildActionMask = 2147483647;
			files = (
				577A67AA2AEA29C300F448B0 /* LaunchScreen.storyboard in Resources */,
				577A67A72AEA29C300F448B0 /* Assets.xcassets in Resources */,
				577A67A52AEA29C200F448B0 /* Main.storyboard in Resources */,
			);
			runOnlyForDeploymentPostprocessing = 0;
		};
		577A67AE2AEA29C400F448B0 /* Resources */ = {
			isa = PBXResourcesBuildPhase;
			buildActionMask = 2147483647;
			files = (
			);
			runOnlyForDeploymentPostprocessing = 0;
		};
		577A67B82AEA29C400F448B0 /* Resources */ = {
			isa = PBXResourcesBuildPhase;
			buildActionMask = 2147483647;
			files = (
			);
			runOnlyForDeploymentPostprocessing = 0;
		};
/* End PBXResourcesBuildPhase section */

/* Begin PBXSourcesBuildPhase section */
		577A67962AEA29C200F448B0 /* Sources */ = {
			isa = PBXSourcesBuildPhase;
			buildActionMask = 2147483647;
			files = (
				577A67A22AEA29C200F448B0 /* ViewController.swift in Sources */,
				577A67CE2AEA2BEE00F448B0 /* myTableViewCell.swift in Sources */,
				577A679E2AEA29C200F448B0 /* AppDelegate.swift in Sources */,
				577A67A02AEA29C200F448B0 /* SceneDelegate.swift in Sources */,
			);
			runOnlyForDeploymentPostprocessing = 0;
		};
		577A67AC2AEA29C400F448B0 /* Sources */ = {
			isa = PBXSourcesBuildPhase;
			buildActionMask = 2147483647;
			files = (
				577A67B52AEA29C400F448B0 /* contactsappTests.swift in Sources */,
			);
			runOnlyForDeploymentPostprocessing = 0;
		};
		577A67B62AEA29C400F448B0 /* Sources */ = {
			isa = PBXSourcesBuildPhase;
			buildActionMask = 2147483647;
			files = (
				577A67BF2AEA29C400F448B0 /* contactsappUITests.swift in Sources */,
				577A67C12AEA29C400F448B0 /* contactsappUITestsLaunchTests.swift in Sources */,
			);
			runOnlyForDeploymentPostprocessing = 0;
		};
/* End PBXSourcesBuildPhase section */

/* Begin PBXTargetDependency section */
		577A67B22AEA29C400F448B0 /* PBXTargetDependency */ = {
			isa = PBXTargetDependency;
			target = 577A67992AEA29C200F448B0 /* contactsapp */;
			targetProxy = 577A67B12AEA29C400F448B0 /* PBXContainerItemProxy */;
		};
		577A67BC2AEA29C400F448B0 /* PBXTargetDependency */ = {
			isa = PBXTargetDependency;
			target = 577A67992AEA29C200F448B0 /* contactsapp */;
			targetProxy = 577A67BB2AEA29C400F448B0 /* PBXContainerItemProxy */;
		};
/* End PBXTargetDependency section */

/* Begin PBXVariantGroup section */
		577A67A32AEA29C200F448B0 /* Main.storyboard */ = {
			isa = PBXVariantGroup;
			children = (
				577A67A42AEA29C200F448B0 /* Base */,
			);
			name = Main.storyboard;
			sourceTree = "<group>";
		};
		577A67A82AEA29C300F448B0 /* LaunchScreen.storyboard */ = {
			isa = PBXVariantGroup;
			children = (
				577A67A92AEA29C300F448B0 /* Base */,
			);
			name = LaunchScreen.storyboard;
			sourceTree = "<group>";
		};
/* End PBXVariantGroup section */

/* Begin XCBuildConfiguration section */
		577A67C22AEA29C400F448B0 /* Debug */ = {
			isa = XCBuildConfiguration;
			buildSettings = {
				ALWAYS_SEARCH_USER_PATHS = NO;
				CLANG_ANALYZER_NONNULL = YES;
				CLANG_ANALYZER_NUMBER_OBJECT_CONVERSION = YES_AGGRESSIVE;
				CLANG_CXX_LANGUAGE_STANDARD = "gnu++20";
				CLANG_ENABLE_MODULES = YES;
				CLANG_ENABLE_OBJC_ARC = YES;
				CLANG_ENABLE_OBJC_WEAK = YES;
				CLANG_WARN_BLOCK_CAPTURE_AUTORELEASING = YES;
				CLANG_WARN_BOOL_CONVERSION = YES;
				CLANG_WARN_COMMA = YES;
				CLANG_WARN_CONSTANT_CONVERSION = YES;
				CLANG_WARN_DEPRECATED_OBJC_IMPLEMENTATIONS = YES;
				CLANG_WARN_DIRECT_OBJC_ISA_USAGE = YES_ERROR;
				CLANG_WARN_DOCUMENTATION_COMMENTS = YES;
				CLANG_WARN_EMPTY_BODY = YES;
				CLANG_WARN_ENUM_CONVERSION = YES;
				CLANG_WARN_INFINITE_RECURSION = YES;
				CLANG_WARN_INT_CONVERSION = YES;
				CLANG_WARN_NON_LITERAL_NULL_CONVERSION = YES;
				CLANG_WARN_OBJC_IMPLICIT_RETAIN_SELF = YES;
				CLANG_WARN_OBJC_LITERAL_CONVERSION = YES;
				CLANG_WARN_OBJC_ROOT_CLASS = YES_ERROR;
				CLANG_WARN_QUOTED_INCLUDE_IN_FRAMEWORK_HEADER = YES;
				CLANG_WARN_RANGE_LOOP_ANALYSIS = YES;
				CLANG_WARN_STRICT_PROTOTYPES = YES;
				CLANG_WARN_SUSPICIOUS_MOVE = YES;
				CLANG_WARN_UNGUARDED_AVAILABILITY = YES_AGGRESSIVE;
				CLANG_WARN_UNREACHABLE_CODE = YES;
				CLANG_WARN__DUPLICATE_METHOD_MATCH = YES;
				COPY_PHASE_STRIP = NO;
				DEBUG_INFORMATION_FORMAT = dwarf;
				ENABLE_STRICT_OBJC_MSGSEND = YES;
				ENABLE_TESTABILITY = YES;
				GCC_C_LANGUAGE_STANDARD = gnu11;
				GCC_DYNAMIC_NO_PIC = NO;
				GCC_NO_COMMON_BLOCKS = YES;
				GCC_OPTIMIZATION_LEVEL = 0;
				GCC_PREPROCESSOR_DEFINITIONS = (
					"DEBUG=1",
					"$(inherited)",
				);
				GCC_WARN_64_TO_32_BIT_CONVERSION = YES;
				GCC_WARN_ABOUT_RETURN_TYPE = YES_ERROR;
				GCC_WARN_UNDECLARED_SELECTOR = YES;
				GCC_WARN_UNINITIALIZED_AUTOS = YES_AGGRESSIVE;
				GCC_WARN_UNUSED_FUNCTION = YES;
				GCC_WARN_UNUSED_VARIABLE = YES;
				IPHONEOS_DEPLOYMENT_TARGET = 16.4;
				MTL_ENABLE_DEBUG_INFO = INCLUDE_SOURCE;
				MTL_FAST_MATH = YES;
				ONLY_ACTIVE_ARCH = YES;
				SDKROOT = iphoneos;
				SWIFT_ACTIVE_COMPILATION_CONDITIONS = DEBUG;
				SWIFT_OPTIMIZATION_LEVEL = "-Onone";
			};
			name = Debug;
		};
		577A67C32AEA29C400F448B0 /* Release */ = {
			isa = XCBuildConfiguration;
			buildSettings = {
				ALWAYS_SEARCH_USER_PATHS = NO;
				CLANG_ANALYZER_NONNULL = YES;
				CLANG_ANALYZER_NUMBER_OBJECT_CONVERSION = YES_AGGRESSIVE;
				CLANG_CXX_LANGUAGE_STANDARD = "gnu++20";
				CLANG_ENABLE_MODULES = YES;
				CLANG_ENABLE_OBJC_ARC = YES;
				CLANG_ENABLE_OBJC_WEAK = YES;
				CLANG_WARN_BLOCK_CAPTURE_AUTORELEASING = YES;
				CLANG_WARN_BOOL_CONVERSION = YES;
				CLANG_WARN_COMMA = YES;
				CLANG_WARN_CONSTANT_CONVERSION = YES;
				CLANG_WARN_DEPRECATED_OBJC_IMPLEMENTATIONS = YES;
				CLANG_WARN_DIRECT_OBJC_ISA_USAGE = YES_ERROR;
				CLANG_WARN_DOCUMENTATION_COMMENTS = YES;
				CLANG_WARN_EMPTY_BODY = YES;
				CLANG_WARN_ENUM_CONVERSION = YES;
				CLANG_WARN_INFINITE_RECURSION = YES;
				CLANG_WARN_INT_CONVERSION = YES;
				CLANG_WARN_NON_LITERAL_NULL_CONVERSION = YES;
				CLANG_WARN_OBJC_IMPLICIT_RETAIN_SELF = YES;
				CLANG_WARN_OBJC_LITERAL_CONVERSION = YES;
				CLANG_WARN_OBJC_ROOT_CLASS = YES_ERROR;
				CLANG_WARN_QUOTED_INCLUDE_IN_FRAMEWORK_HEADER = YES;
				CLANG_WARN_RANGE_LOOP_ANALYSIS = YES;
				CLANG_WARN_STRICT_PROTOTYPES = YES;
				CLANG_WARN_SUSPICIOUS_MOVE = YES;
				CLANG_WARN_UNGUARDED_AVAILABILITY = YES_AGGRESSIVE;
				CLANG_WARN_UNREACHABLE_CODE = YES;
				CLANG_WARN__DUPLICATE_METHOD_MATCH = YES;
				COPY_PHASE_STRIP = NO;
				DEBUG_INFORMATION_FORMAT = "dwarf-with-dsym";
				ENABLE_NS_ASSERTIONS = NO;
				ENABLE_STRICT_OBJC_MSGSEND = YES;
				GCC_C_LANGUAGE_STANDARD = gnu11;
				GCC_NO_COMMON_BLOCKS = YES;
				GCC_WARN_64_TO_32_BIT_CONVERSION = YES;
				GCC_WARN_ABOUT_RETURN_TYPE = YES_ERROR;
				GCC_WARN_UNDECLARED_SELECTOR = YES;
				GCC_WARN_UNINITIALIZED_AUTOS = YES_AGGRESSIVE;
				GCC_WARN_UNUSED_FUNCTION = YES;
				GCC_WARN_UNUSED_VARIABLE = YES;
				IPHONEOS_DEPLOYMENT_TARGET = 16.4;
				MTL_ENABLE_DEBUG_INFO = NO;
				MTL_FAST_MATH = YES;
				SDKROOT = iphoneos;
				SWIFT_COMPILATION_MODE = wholemodule;
				SWIFT_OPTIMIZATION_LEVEL = "-O";
				VALIDATE_PRODUCT = YES;
			};
			name = Release;
		};
		577A67C52AEA29C400F448B0 /* Debug */ = {
			isa = XCBuildConfiguration;
			buildSettings = {
				ASSETCATALOG_COMPILER_APPICON_NAME = AppIcon;
				ASSETCATALOG_COMPILER_GLOBAL_ACCENT_COLOR_NAME = AccentColor;
				CODE_SIGN_STYLE = Automatic;
				CURRENT_PROJECT_VERSION = 1;
				DEVELOPMENT_TEAM = LFNJY639ZW;
				GENERATE_INFOPLIST_FILE = YES;
				INFOPLIST_FILE = contactsapp/Info.plist;
				INFOPLIST_KEY_UIApplicationSupportsIndirectInputEvents = YES;
				INFOPLIST_KEY_UILaunchStoryboardName = LaunchScreen;
				INFOPLIST_KEY_UIMainStoryboardFile = Main;
				INFOPLIST_KEY_UISupportedInterfaceOrientations_iPad = "UIInterfaceOrientationPortrait UIInterfaceOrientationPortraitUpsideDown UIInterfaceOrientationLandscapeLeft UIInterfaceOrientationLandscapeRight";
				INFOPLIST_KEY_UISupportedInterfaceOrientations_iPhone = "UIInterfaceOrientationPortrait UIInterfaceOrientationLandscapeLeft UIInterfaceOrientationLandscapeRight";
				LD_RUNPATH_SEARCH_PATHS = (
					"$(inherited)",
					"@executable_path/Frameworks",
				);
				MARKETING_VERSION = 1.0;
				PRODUCT_BUNDLE_IDENTIFIER = sreehari.contactsapp;
				PRODUCT_NAME = "$(TARGET_NAME)";
				SWIFT_EMIT_LOC_STRINGS = YES;
				SWIFT_VERSION = 5.0;
				TARGETED_DEVICE_FAMILY = "1,2";
			};
			name = Debug;
		};
		577A67C62AEA29C400F448B0 /* Release */ = {
			isa = XCBuildConfiguration;
			buildSettings = {
				ASSETCATALOG_COMPILER_APPICON_NAME = AppIcon;
				ASSETCATALOG_COMPILER_GLOBAL_ACCENT_COLOR_NAME = AccentColor;
				CODE_SIGN_STYLE = Automatic;
				CURRENT_PROJECT_VERSION = 1;
				DEVELOPMENT_TEAM = LFNJY639ZW;
				GENERATE_INFOPLIST_FILE = YES;
				INFOPLIST_FILE = contactsapp/Info.plist;
				INFOPLIST_KEY_UIApplicationSupportsIndirectInputEvents = YES;
				INFOPLIST_KEY_UILaunchStoryboardName = LaunchScreen;
				INFOPLIST_KEY_UIMainStoryboardFile = Main;
				INFOPLIST_KEY_UISupportedInterfaceOrientations_iPad = "UIInterfaceOrientationPortrait UIInterfaceOrientationPortraitUpsideDown UIInterfaceOrientationLandscapeLeft UIInterfaceOrientationLandscapeRight";
				INFOPLIST_KEY_UISupportedInterfaceOrientations_iPhone = "UIInterfaceOrientationPortrait UIInterfaceOrientationLandscapeLeft UIInterfaceOrientationLandscapeRight";
				LD_RUNPATH_SEARCH_PATHS = (
					"$(inherited)",
					"@executable_path/Frameworks",
				);
				MARKETING_VERSION = 1.0;
				PRODUCT_BUNDLE_IDENTIFIER = sreehari.contactsapp;
				PRODUCT_NAME = "$(TARGET_NAME)";
				SWIFT_EMIT_LOC_STRINGS = YES;
				SWIFT_VERSION = 5.0;
				TARGETED_DEVICE_FAMILY = "1,2";
			};
			name = Release;
		};
		577A67C82AEA29C400F448B0 /* Debug */ = {
			isa = XCBuildConfiguration;
			buildSettings = {
				ALWAYS_EMBED_SWIFT_STANDARD_LIBRARIES = YES;
				BUNDLE_LOADER = "$(TEST_HOST)";
				CODE_SIGN_STYLE = Automatic;
				CURRENT_PROJECT_VERSION = 1;
				DEVELOPMENT_TEAM = LFNJY639ZW;
				GENERATE_INFOPLIST_FILE = YES;
				IPHONEOS_DEPLOYMENT_TARGET = 16.4;
				MARKETING_VERSION = 1.0;
				PRODUCT_BUNDLE_IDENTIFIER = sreehari.contactsappTests;
				PRODUCT_NAME = "$(TARGET_NAME)";
				SWIFT_EMIT_LOC_STRINGS = NO;
				SWIFT_VERSION = 5.0;
				TARGETED_DEVICE_FAMILY = "1,2";
				TEST_HOST = "$(BUILT_PRODUCTS_DIR)/contactsapp.app/$(BUNDLE_EXECUTABLE_FOLDER_PATH)/contactsapp";
			};
			name = Debug;
		};
		577A67C92AEA29C400F448B0 /* Release */ = {
			isa = XCBuildConfiguration;
			buildSettings = {
				ALWAYS_EMBED_SWIFT_STANDARD_LIBRARIES = YES;
				BUNDLE_LOADER = "$(TEST_HOST)";
				CODE_SIGN_STYLE = Automatic;
				CURRENT_PROJECT_VERSION = 1;
				DEVELOPMENT_TEAM = LFNJY639ZW;
				GENERATE_INFOPLIST_FILE = YES;
				IPHONEOS_DEPLOYMENT_TARGET = 16.4;
				MARKETING_VERSION = 1.0;
				PRODUCT_BUNDLE_IDENTIFIER = sreehari.contactsappTests;
				PRODUCT_NAME = "$(TARGET_NAME)";
				SWIFT_EMIT_LOC_STRINGS = NO;
				SWIFT_VERSION = 5.0;
				TARGETED_DEVICE_FAMILY = "1,2";
				TEST_HOST = "$(BUILT_PRODUCTS_DIR)/contactsapp.app/$(BUNDLE_EXECUTABLE_FOLDER_PATH)/contactsapp";
			};
			name = Release;
		};
		577A67CB2AEA29C400F448B0 /* Debug */ = {
			isa = XCBuildConfiguration;
			buildSettings = {
				ALWAYS_EMBED_SWIFT_STANDARD_LIBRARIES = YES;
				CODE_SIGN_STYLE = Automatic;
				CURRENT_PROJECT_VERSION = 1;
				DEVELOPMENT_TEAM = LFNJY639ZW;
				GENERATE_INFOPLIST_FILE = YES;
				MARKETING_VERSION = 1.0;
				PRODUCT_BUNDLE_IDENTIFIER = sreehari.contactsappUITests;
				PRODUCT_NAME = "$(TARGET_NAME)";
				SWIFT_EMIT_LOC_STRINGS = NO;
				SWIFT_VERSION = 5.0;
				TARGETED_DEVICE_FAMILY = "1,2";
				TEST_TARGET_NAME = contactsapp;
			};
			name = Debug;
		};
		577A67CC2AEA29C400F448B0 /* Release */ = {
			isa = XCBuildConfiguration;
			buildSettings = {
				ALWAYS_EMBED_SWIFT_STANDARD_LIBRARIES = YES;
				CODE_SIGN_STYLE = Automatic;
				CURRENT_PROJECT_VERSION = 1;
				DEVELOPMENT_TEAM = LFNJY639ZW;
				GENERATE_INFOPLIST_FILE = YES;
				MARKETING_VERSION = 1.0;
				PRODUCT_BUNDLE_IDENTIFIER = sreehari.contactsappUITests;
				PRODUCT_NAME = "$(TARGET_NAME)";
				SWIFT_EMIT_LOC_STRINGS = NO;
				SWIFT_VERSION = 5.0;
				TARGETED_DEVICE_FAMILY = "1,2";
				TEST_TARGET_NAME = contactsapp;
			};
			name = Release;
		};
/* End XCBuildConfiguration section */

/* Begin XCConfigurationList section */
		577A67952AEA29C200F448B0 /* Build configuration list for PBXProject "contactsapp" */ = {
			isa = XCConfigurationList;
			buildConfigurations = (
				577A67C22AEA29C400F448B0 /* Debug */,
				577A67C32AEA29C400F448B0 /* Release */,
			);
			defaultConfigurationIsVisible = 0;
			defaultConfigurationName = Release;
		};
		577A67C42AEA29C400F448B0 /* Build configuration list for PBXNativeTarget "contactsapp" */ = {
			isa = XCConfigurationList;
			buildConfigurations = (
				577A67C52AEA29C400F448B0 /* Debug */,
				577A67C62AEA29C400F448B0 /* Release */,
			);
			defaultConfigurationIsVisible = 0;
			defaultConfigurationName = Release;
		};
		577A67C72AEA29C400F448B0 /* Build configuration list for PBXNativeTarget "contactsappTests" */ = {
			isa = XCConfigurationList;
			buildConfigurations = (
				577A67C82AEA29C400F448B0 /* Debug */,
				577A67C92AEA29C400F448B0 /* Release */,
			);
			defaultConfigurationIsVisible = 0;
			defaultConfigurationName = Release;
		};
		577A67CA2AEA29C400F448B0 /* Build configuration list for PBXNativeTarget "contactsappUITests" */ = {
			isa = XCConfigurationList;
			buildConfigurations = (
				577A67CB2AEA29C400F448B0 /* Debug */,
				577A67CC2AEA29C400F448B0 /* Release */,
			);
			defaultConfigurationIsVisible = 0;
			defaultConfigurationName = Release;
		};
/* End XCConfigurationList section */
	};
	rootObject = 577A67922AEA29C200F448B0 /* Project object */;
}
