// !$*UTF8*$!
{
	archiveVersion = 1;
	classes = {
	};
	objectVersion = 56;
	objects = {

/* Begin PBXBuildFile section */
		57BDA1AB2ACE80D200011677 /* AppDelegate.swift in Sources */ = {isa = PBXBuildFile; fileRef = 57BDA1AA2ACE80D200011677 /* AppDelegate.swift */; };
		57BDA1AD2ACE80D200011677 /* SceneDelegate.swift in Sources */ = {isa = PBXBuildFile; fileRef = 57BDA1AC2ACE80D200011677 /* SceneDelegate.swift */; };
		57BDA1AF2ACE80D200011677 /* ViewController.swift in Sources */ = {isa = PBXBuildFile; fileRef = 57BDA1AE2ACE80D200011677 /* ViewController.swift */; };
		57BDA1B22ACE80D200011677 /* Main.storyboard in Resources */ = {isa = PBXBuildFile; fileRef = 57BDA1B02ACE80D200011677 /* Main.storyboard */; };
		57BDA1B42ACE80D400011677 /* Assets.xcassets in Resources */ = {isa = PBXBuildFile; fileRef = 57BDA1B32ACE80D400011677 /* Assets.xcassets */; };
		57BDA1B72ACE80D400011677 /* LaunchScreen.storyboard in Resources */ = {isa = PBXBuildFile; fileRef = 57BDA1B52ACE80D400011677 /* LaunchScreen.storyboard */; };
		57BDA1C22ACE80D400011677 /* projectTests.swift in Sources */ = {isa = PBXBuildFile; fileRef = 57BDA1C12ACE80D400011677 /* projectTests.swift */; };
		57BDA1CC2ACE80D400011677 /* projectUITests.swift in Sources */ = {isa = PBXBuildFile; fileRef = 57BDA1CB2ACE80D400011677 /* projectUITests.swift */; };
		57BDA1CE2ACE80D400011677 /* projectUITestsLaunchTests.swift in Sources */ = {isa = PBXBuildFile; fileRef = 57BDA1CD2ACE80D400011677 /* projectUITestsLaunchTests.swift */; };
		57BDA1DB2ACE829F00011677 /* Tableviewcel.swift in Sources */ = {isa = PBXBuildFile; fileRef = 57BDA1DA2ACE829F00011677 /* Tableviewcel.swift */; };
		57BDA1DD2ACE835B00011677 /* ViewController1.swift in Sources */ = {isa = PBXBuildFile; fileRef = 57BDA1DC2ACE835B00011677 /* ViewController1.swift */; };
/* End PBXBuildFile section */

/* Begin PBXContainerItemProxy section */
		57BDA1BE2ACE80D400011677 /* PBXContainerItemProxy */ = {
			isa = PBXContainerItemProxy;
			containerPortal = 57BDA19F2ACE80D200011677 /* Project object */;
			proxyType = 1;
			remoteGlobalIDString = 57BDA1A62ACE80D200011677;
			remoteInfo = project;
		};
		57BDA1C82ACE80D400011677 /* PBXContainerItemProxy */ = {
			isa = PBXContainerItemProxy;
			containerPortal = 57BDA19F2ACE80D200011677 /* Project object */;
			proxyType = 1;
			remoteGlobalIDString = 57BDA1A62ACE80D200011677;
			remoteInfo = project;
		};
/* End PBXContainerItemProxy section */

/* Begin PBXFileReference section */
		57BDA1A72ACE80D200011677 /* project.app */ = {isa = PBXFileReference; explicitFileType = wrapper.application; includeInIndex = 0; path = project.app; sourceTree = BUILT_PRODUCTS_DIR; };
		57BDA1AA2ACE80D200011677 /* AppDelegate.swift */ = {isa = PBXFileReference; lastKnownFileType = sourcecode.swift; path = AppDelegate.swift; sourceTree = "<group>"; };
		57BDA1AC2ACE80D200011677 /* SceneDelegate.swift */ = {isa = PBXFileReference; lastKnownFileType = sourcecode.swift; path = SceneDelegate.swift; sourceTree = "<group>"; };
		57BDA1AE2ACE80D200011677 /* ViewController.swift */ = {isa = PBXFileReference; lastKnownFileType = sourcecode.swift; path = ViewController.swift; sourceTree = "<group>"; };
		57BDA1B12ACE80D200011677 /* Base */ = {isa = PBXFileReference; lastKnownFileType = file.storyboard; name = Base; path = Base.lproj/Main.storyboard; sourceTree = "<group>"; };
		57BDA1B32ACE80D400011677 /* Assets.xcassets */ = {isa = PBXFileReference; lastKnownFileType = folder.assetcatalog; path = Assets.xcassets; sourceTree = "<group>"; };
		57BDA1B62ACE80D400011677 /* Base */ = {isa = PBXFileReference; lastKnownFileType = file.storyboard; name = Base; path = Base.lproj/LaunchScreen.storyboard; sourceTree = "<group>"; };
		57BDA1B82ACE80D400011677 /* Info.plist */ = {isa = PBXFileReference; lastKnownFileType = text.plist.xml; path = Info.plist; sourceTree = "<group>"; };
		57BDA1BD2ACE80D400011677 /* projectTests.xctest */ = {isa = PBXFileReference; explicitFileType = wrapper.cfbundle; includeInIndex = 0; path = projectTests.xctest; sourceTree = BUILT_PRODUCTS_DIR; };
		57BDA1C12ACE80D400011677 /* projectTests.swift */ = {isa = PBXFileReference; lastKnownFileType = sourcecode.swift; path = projectTests.swift; sourceTree = "<group>"; };
		57BDA1C72ACE80D400011677 /* projectUITests.xctest */ = {isa = PBXFileReference; explicitFileType = wrapper.cfbundle; includeInIndex = 0; path = projectUITests.xctest; sourceTree = BUILT_PRODUCTS_DIR; };
		57BDA1CB2ACE80D400011677 /* projectUITests.swift */ = {isa = PBXFileReference; lastKnownFileType = sourcecode.swift; path = projectUITests.swift; sourceTree = "<group>"; };
		57BDA1CD2ACE80D400011677 /* projectUITestsLaunchTests.swift */ = {isa = PBXFileReference; lastKnownFileType = sourcecode.swift; path = projectUITestsLaunchTests.swift; sourceTree = "<group>"; };
		57BDA1DA2ACE829F00011677 /* Tableviewcel.swift */ = {isa = PBXFileReference; lastKnownFileType = sourcecode.swift; path = Tableviewcel.swift; sourceTree = "<group>"; };
		57BDA1DC2ACE835B00011677 /* ViewController1.swift */ = {isa = PBXFileReference; lastKnownFileType = sourcecode.swift; path = ViewController1.swift; sourceTree = "<group>"; };
/* End PBXFileReference section */

/* Begin PBXFrameworksBuildPhase section */
		57BDA1A42ACE80D200011677 /* Frameworks */ = {
			isa = PBXFrameworksBuildPhase;
			buildActionMask = 2147483647;
			files = (
			);
			runOnlyForDeploymentPostprocessing = 0;
		};
		57BDA1BA2ACE80D400011677 /* Frameworks */ = {
			isa = PBXFrameworksBuildPhase;
			buildActionMask = 2147483647;
			files = (
			);
			runOnlyForDeploymentPostprocessing = 0;
		};
		57BDA1C42ACE80D400011677 /* Frameworks */ = {
			isa = PBXFrameworksBuildPhase;
			buildActionMask = 2147483647;
			files = (
			);
			runOnlyForDeploymentPostprocessing = 0;
		};
/* End PBXFrameworksBuildPhase section */

/* Begin PBXGroup section */
		57BDA19E2ACE80D200011677 = {
			isa = PBXGroup;
			children = (
				57BDA1A92ACE80D200011677 /* project */,
				57BDA1C02ACE80D400011677 /* projectTests */,
				57BDA1CA2ACE80D400011677 /* projectUITests */,
				57BDA1A82ACE80D200011677 /* Products */,
			);
			sourceTree = "<group>";
		};
		57BDA1A82ACE80D200011677 /* Products */ = {
			isa = PBXGroup;
			children = (
				57BDA1A72ACE80D200011677 /* project.app */,
				57BDA1BD2ACE80D400011677 /* projectTests.xctest */,
				57BDA1C72ACE80D400011677 /* projectUITests.xctest */,
			);
			name = Products;
			sourceTree = "<group>";
		};
		57BDA1A92ACE80D200011677 /* project */ = {
			isa = PBXGroup;
			children = (
				57BDA1AA2ACE80D200011677 /* AppDelegate.swift */,
				57BDA1AC2ACE80D200011677 /* SceneDelegate.swift */,
				57BDA1AE2ACE80D200011677 /* ViewController.swift */,
				57BDA1B02ACE80D200011677 /* Main.storyboard */,
				57BDA1DC2ACE835B00011677 /* ViewController1.swift */,
				57BDA1DA2ACE829F00011677 /* Tableviewcel.swift */,
				57BDA1B32ACE80D400011677 /* Assets.xcassets */,
				57BDA1B52ACE80D400011677 /* LaunchScreen.storyboard */,
				57BDA1B82ACE80D400011677 /* Info.plist */,
			);
			path = project;
			sourceTree = "<group>";
		};
		57BDA1C02ACE80D400011677 /* projectTests */ = {
			isa = PBXGroup;
			children = (
				57BDA1C12ACE80D400011677 /* projectTests.swift */,
			);
			path = projectTests;
			sourceTree = "<group>";
		};
		57BDA1CA2ACE80D400011677 /* projectUITests */ = {
			isa = PBXGroup;
			children = (
				57BDA1CB2ACE80D400011677 /* projectUITests.swift */,
				57BDA1CD2ACE80D400011677 /* projectUITestsLaunchTests.swift */,
			);
			path = projectUITests;
			sourceTree = "<group>";
		};
/* End PBXGroup section */

/* Begin PBXNativeTarget section */
		57BDA1A62ACE80D200011677 /* project */ = {
			isa = PBXNativeTarget;
			buildConfigurationList = 57BDA1D12ACE80D400011677 /* Build configuration list for PBXNativeTarget "project" */;
			buildPhases = (
				57BDA1A32ACE80D200011677 /* Sources */,
				57BDA1A42ACE80D200011677 /* Frameworks */,
				57BDA1A52ACE80D200011677 /* Resources */,
			);
			buildRules = (
			);
			dependencies = (
			);
			name = project;
			productName = project;
			productReference = 57BDA1A72ACE80D200011677 /* project.app */;
			productType = "com.apple.product-type.application";
		};
		57BDA1BC2ACE80D400011677 /* projectTests */ = {
			isa = PBXNativeTarget;
			buildConfigurationList = 57BDA1D42ACE80D400011677 /* Build configuration list for PBXNativeTarget "projectTests" */;
			buildPhases = (
				57BDA1B92ACE80D400011677 /* Sources */,
				57BDA1BA2ACE80D400011677 /* Frameworks */,
				57BDA1BB2ACE80D400011677 /* Resources */,
			);
			buildRules = (
			);
			dependencies = (
				57BDA1BF2ACE80D400011677 /* PBXTargetDependency */,
			);
			name = projectTests;
			productName = projectTests;
			productReference = 57BDA1BD2ACE80D400011677 /* projectTests.xctest */;
			productType = "com.apple.product-type.bundle.unit-test";
		};
		57BDA1C62ACE80D400011677 /* projectUITests */ = {
			isa = PBXNativeTarget;
			buildConfigurationList = 57BDA1D72ACE80D400011677 /* Build configuration list for PBXNativeTarget "projectUITests" */;
			buildPhases = (
				57BDA1C32ACE80D400011677 /* Sources */,
				57BDA1C42ACE80D400011677 /* Frameworks */,
				57BDA1C52ACE80D400011677 /* Resources */,
			);
			buildRules = (
			);
			dependencies = (
				57BDA1C92ACE80D400011677 /* PBXTargetDependency */,
			);
			name = projectUITests;
			productName = projectUITests;
			productReference = 57BDA1C72ACE80D400011677 /* projectUITests.xctest */;
			productType = "com.apple.product-type.bundle.ui-testing";
		};
/* End PBXNativeTarget section */

/* Begin PBXProject section */
		57BDA19F2ACE80D200011677 /* Project object */ = {
			isa = PBXProject;
			attributes = {
				BuildIndependentTargetsInParallel = 1;
				LastSwiftUpdateCheck = 1430;
				LastUpgradeCheck = 1430;
				TargetAttributes = {
					57BDA1A62ACE80D200011677 = {
						CreatedOnToolsVersion = 14.3.1;
					};
					57BDA1BC2ACE80D400011677 = {
						CreatedOnToolsVersion = 14.3.1;
						TestTargetID = 57BDA1A62ACE80D200011677;
					};
					57BDA1C62ACE80D400011677 = {
						CreatedOnToolsVersion = 14.3.1;
						TestTargetID = 57BDA1A62ACE80D200011677;
					};
				};
			};
			buildConfigurationList = 57BDA1A22ACE80D200011677 /* Build configuration list for PBXProject "project" */;
			compatibilityVersion = "Xcode 14.0";
			developmentRegion = en;
			hasScannedForEncodings = 0;
			knownRegions = (
				en,
				Base,
			);
			mainGroup = 57BDA19E2ACE80D200011677;
			productRefGroup = 57BDA1A82ACE80D200011677 /* Products */;
			projectDirPath = "";
			projectRoot = "";
			targets = (
				57BDA1A62ACE80D200011677 /* project */,
				57BDA1BC2ACE80D400011677 /* projectTests */,
				57BDA1C62ACE80D400011677 /* projectUITests */,
			);
		};
/* End PBXProject section */

/* Begin PBXResourcesBuildPhase section */
		57BDA1A52ACE80D200011677 /* Resources */ = {
			isa = PBXResourcesBuildPhase;
			buildActionMask = 2147483647;
			files = (
				57BDA1B72ACE80D400011677 /* LaunchScreen.storyboard in Resources */,
				57BDA1B42ACE80D400011677 /* Assets.xcassets in Resources */,
				57BDA1B22ACE80D200011677 /* Main.storyboard in Resources */,
			);
			runOnlyForDeploymentPostprocessing = 0;
		};
		57BDA1BB2ACE80D400011677 /* Resources */ = {
			isa = PBXResourcesBuildPhase;
			buildActionMask = 2147483647;
			files = (
			);
			runOnlyForDeploymentPostprocessing = 0;
		};
		57BDA1C52ACE80D400011677 /* Resources */ = {
			isa = PBXResourcesBuildPhase;
			buildActionMask = 2147483647;
			files = (
			);
			runOnlyForDeploymentPostprocessing = 0;
		};
/* End PBXResourcesBuildPhase section */

/* Begin PBXSourcesBuildPhase section */
		57BDA1A32ACE80D200011677 /* Sources */ = {
			isa = PBXSourcesBuildPhase;
			buildActionMask = 2147483647;
			files = (
				57BDA1DB2ACE829F00011677 /* Tableviewcel.swift in Sources */,
				57BDA1DD2ACE835B00011677 /* ViewController1.swift in Sources */,
				57BDA1AF2ACE80D200011677 /* ViewController.swift in Sources */,
				57BDA1AB2ACE80D200011677 /* AppDelegate.swift in Sources */,
				57BDA1AD2ACE80D200011677 /* SceneDelegate.swift in Sources */,
			);
			runOnlyForDeploymentPostprocessing = 0;
		};
		57BDA1B92ACE80D400011677 /* Sources */ = {
			isa = PBXSourcesBuildPhase;
			buildActionMask = 2147483647;
			files = (
				57BDA1C22ACE80D400011677 /* projectTests.swift in Sources */,
			);
			runOnlyForDeploymentPostprocessing = 0;
		};
		57BDA1C32ACE80D400011677 /* Sources */ = {
			isa = PBXSourcesBuildPhase;
			buildActionMask = 2147483647;
			files = (
				57BDA1CE2ACE80D400011677 /* projectUITestsLaunchTests.swift in Sources */,
				57BDA1CC2ACE80D400011677 /* projectUITests.swift in Sources */,
			);
			runOnlyForDeploymentPostprocessing = 0;
		};
/* End PBXSourcesBuildPhase section */

/* Begin PBXTargetDependency section */
		57BDA1BF2ACE80D400011677 /* PBXTargetDependency */ = {
			isa = PBXTargetDependency;
			target = 57BDA1A62ACE80D200011677 /* project */;
			targetProxy = 57BDA1BE2ACE80D400011677 /* PBXContainerItemProxy */;
		};
		57BDA1C92ACE80D400011677 /* PBXTargetDependency */ = {
			isa = PBXTargetDependency;
			target = 57BDA1A62ACE80D200011677 /* project */;
			targetProxy = 57BDA1C82ACE80D400011677 /* PBXContainerItemProxy */;
		};
/* End PBXTargetDependency section */

/* Begin PBXVariantGroup section */
		57BDA1B02ACE80D200011677 /* Main.storyboard */ = {
			isa = PBXVariantGroup;
			children = (
				57BDA1B12ACE80D200011677 /* Base */,
			);
			name = Main.storyboard;
			sourceTree = "<group>";
		};
		57BDA1B52ACE80D400011677 /* LaunchScreen.storyboard */ = {
			isa = PBXVariantGroup;
			children = (
				57BDA1B62ACE80D400011677 /* Base */,
			);
			name = LaunchScreen.storyboard;
			sourceTree = "<group>";
		};
/* End PBXVariantGroup section */

/* Begin XCBuildConfiguration section */
		57BDA1CF2ACE80D400011677 /* Debug */ = {
			isa = XCBuildConfiguration;
			buildSettings = {
				ALWAYS_SEARCH_USER_PATHS = NO;
				CLANG_ANALYZER_NONNULL = YES;
				CLANG_ANALYZER_NUMBER_OBJECT_CONVERSION = YES_AGGRESSIVE;
				CLANG_CXX_LANGUAGE_STANDARD = "gnu++20";
				CLANG_ENABLE_MODULES = YES;
				CLANG_ENABLE_OBJC_ARC = YES;
				CLANG_ENABLE_OBJC_WEAK = YES;
				CLANG_WARN_BLOCK_CAPTURE_AUTORELEASING = YES;
				CLANG_WARN_BOOL_CONVERSION = YES;
				CLANG_WARN_COMMA = YES;
				CLANG_WARN_CONSTANT_CONVERSION = YES;
				CLANG_WARN_DEPRECATED_OBJC_IMPLEMENTATIONS = YES;
				CLANG_WARN_DIRECT_OBJC_ISA_USAGE = YES_ERROR;
				CLANG_WARN_DOCUMENTATION_COMMENTS = YES;
				CLANG_WARN_EMPTY_BODY = YES;
				CLANG_WARN_ENUM_CONVERSION = YES;
				CLANG_WARN_INFINITE_RECURSION = YES;
				CLANG_WARN_INT_CONVERSION = YES;
				CLANG_WARN_NON_LITERAL_NULL_CONVERSION = YES;
				CLANG_WARN_OBJC_IMPLICIT_RETAIN_SELF = YES;
				CLANG_WARN_OBJC_LITERAL_CONVERSION = YES;
				CLANG_WARN_OBJC_ROOT_CLASS = YES_ERROR;
				CLANG_WARN_QUOTED_INCLUDE_IN_FRAMEWORK_HEADER = YES;
				CLANG_WARN_RANGE_LOOP_ANALYSIS = YES;
				CLANG_WARN_STRICT_PROTOTYPES = YES;
				CLANG_WARN_SUSPICIOUS_MOVE = YES;
				CLANG_WARN_UNGUARDED_AVAILABILITY = YES_AGGRESSIVE;
				CLANG_WARN_UNREACHABLE_CODE = YES;
				CLANG_WARN__DUPLICATE_METHOD_MATCH = YES;
				COPY_PHASE_STRIP = NO;
				DEBUG_INFORMATION_FORMAT = dwarf;
				ENABLE_STRICT_OBJC_MSGSEND = YES;
				ENABLE_TESTABILITY = YES;
				GCC_C_LANGUAGE_STANDARD = gnu11;
				GCC_DYNAMIC_NO_PIC = NO;
				GCC_NO_COMMON_BLOCKS = YES;
				GCC_OPTIMIZATION_LEVEL = 0;
				GCC_PREPROCESSOR_DEFINITIONS = (
					"DEBUG=1",
					"$(inherited)",
				);
				GCC_WARN_64_TO_32_BIT_CONVERSION = YES;
				GCC_WARN_ABOUT_RETURN_TYPE = YES_ERROR;
				GCC_WARN_UNDECLARED_SELECTOR = YES;
				GCC_WARN_UNINITIALIZED_AUTOS = YES_AGGRESSIVE;
				GCC_WARN_UNUSED_FUNCTION = YES;
				GCC_WARN_UNUSED_VARIABLE = YES;
				IPHONEOS_DEPLOYMENT_TARGET = 16.4;
				MTL_ENABLE_DEBUG_INFO = INCLUDE_SOURCE;
				MTL_FAST_MATH = YES;
				ONLY_ACTIVE_ARCH = YES;
				SDKROOT = iphoneos;
				SWIFT_ACTIVE_COMPILATION_CONDITIONS = DEBUG;
				SWIFT_OPTIMIZATION_LEVEL = "-Onone";
			};
			name = Debug;
		};
		57BDA1D02ACE80D400011677 /* Release */ = {
			isa = XCBuildConfiguration;
			buildSettings = {
				ALWAYS_SEARCH_USER_PATHS = NO;
				CLANG_ANALYZER_NONNULL = YES;
				CLANG_ANALYZER_NUMBER_OBJECT_CONVERSION = YES_AGGRESSIVE;
				CLANG_CXX_LANGUAGE_STANDARD = "gnu++20";
				CLANG_ENABLE_MODULES = YES;
				CLANG_ENABLE_OBJC_ARC = YES;
				CLANG_ENABLE_OBJC_WEAK = YES;
				CLANG_WARN_BLOCK_CAPTURE_AUTORELEASING = YES;
				CLANG_WARN_BOOL_CONVERSION = YES;
				CLANG_WARN_COMMA = YES;
				CLANG_WARN_CONSTANT_CONVERSION = YES;
				CLANG_WARN_DEPRECATED_OBJC_IMPLEMENTATIONS = YES;
				CLANG_WARN_DIRECT_OBJC_ISA_USAGE = YES_ERROR;
				CLANG_WARN_DOCUMENTATION_COMMENTS = YES;
				CLANG_WARN_EMPTY_BODY = YES;
				CLANG_WARN_ENUM_CONVERSION = YES;
				CLANG_WARN_INFINITE_RECURSION = YES;
				CLANG_WARN_INT_CONVERSION = YES;
				CLANG_WARN_NON_LITERAL_NULL_CONVERSION = YES;
				CLANG_WARN_OBJC_IMPLICIT_RETAIN_SELF = YES;
				CLANG_WARN_OBJC_LITERAL_CONVERSION = YES;
				CLANG_WARN_OBJC_ROOT_CLASS = YES_ERROR;
				CLANG_WARN_QUOTED_INCLUDE_IN_FRAMEWORK_HEADER = YES;
				CLANG_WARN_RANGE_LOOP_ANALYSIS = YES;
				CLANG_WARN_STRICT_PROTOTYPES = YES;
				CLANG_WARN_SUSPICIOUS_MOVE = YES;
				CLANG_WARN_UNGUARDED_AVAILABILITY = YES_AGGRESSIVE;
				CLANG_WARN_UNREACHABLE_CODE = YES;
				CLANG_WARN__DUPLICATE_METHOD_MATCH = YES;
				COPY_PHASE_STRIP = NO;
				DEBUG_INFORMATION_FORMAT = "dwarf-with-dsym";
				ENABLE_NS_ASSERTIONS = NO;
				ENABLE_STRICT_OBJC_MSGSEND = YES;
				GCC_C_LANGUAGE_STANDARD = gnu11;
				GCC_NO_COMMON_BLOCKS = YES;
				GCC_WARN_64_TO_32_BIT_CONVERSION = YES;
				GCC_WARN_ABOUT_RETURN_TYPE = YES_ERROR;
				GCC_WARN_UNDECLARED_SELECTOR = YES;
				GCC_WARN_UNINITIALIZED_AUTOS = YES_AGGRESSIVE;
				GCC_WARN_UNUSED_FUNCTION = YES;
				GCC_WARN_UNUSED_VARIABLE = YES;
				IPHONEOS_DEPLOYMENT_TARGET = 16.4;
				MTL_ENABLE_DEBUG_INFO = NO;
				MTL_FAST_MATH = YES;
				SDKROOT = iphoneos;
				SWIFT_COMPILATION_MODE = wholemodule;
				SWIFT_OPTIMIZATION_LEVEL = "-O";
				VALIDATE_PRODUCT = YES;
			};
			name = Release;
		};
		57BDA1D22ACE80D400011677 /* Debug */ = {
			isa = XCBuildConfiguration;
			buildSettings = {
				ASSETCATALOG_COMPILER_APPICON_NAME = AppIcon;
				ASSETCATALOG_COMPILER_GLOBAL_ACCENT_COLOR_NAME = AccentColor;
				CODE_SIGN_STYLE = Automatic;
				CURRENT_PROJECT_VERSION = 1;
				DEVELOPMENT_TEAM = LFNJY639ZW;
				GENERATE_INFOPLIST_FILE = YES;
				INFOPLIST_FILE = project/Info.plist;
				INFOPLIST_KEY_UIApplicationSupportsIndirectInputEvents = YES;
				INFOPLIST_KEY_UILaunchStoryboardName = LaunchScreen;
				INFOPLIST_KEY_UIMainStoryboardFile = Main;
				INFOPLIST_KEY_UISupportedInterfaceOrientations_iPad = "UIInterfaceOrientationPortrait UIInterfaceOrientationPortraitUpsideDown UIInterfaceOrientationLandscapeLeft UIInterfaceOrientationLandscapeRight";
				INFOPLIST_KEY_UISupportedInterfaceOrientations_iPhone = "UIInterfaceOrientationPortrait UIInterfaceOrientationLandscapeLeft UIInterfaceOrientationLandscapeRight";
				LD_RUNPATH_SEARCH_PATHS = (
					"$(inherited)",
					"@executable_path/Frameworks",
				);
				MARKETING_VERSION = 1.0;
				PRODUCT_BUNDLE_IDENTIFIER = sreehari.project;
				PRODUCT_NAME = "$(TARGET_NAME)";
				SWIFT_EMIT_LOC_STRINGS = YES;
				SWIFT_VERSION = 5.0;
				TARGETED_DEVICE_FAMILY = "1,2";
			};
			name = Debug;
		};
		57BDA1D32ACE80D400011677 /* Release */ = {
			isa = XCBuildConfiguration;
			buildSettings = {
				ASSETCATALOG_COMPILER_APPICON_NAME = AppIcon;
				ASSETCATALOG_COMPILER_GLOBAL_ACCENT_COLOR_NAME = AccentColor;
				CODE_SIGN_STYLE = Automatic;
				CURRENT_PROJECT_VERSION = 1;
				DEVELOPMENT_TEAM = LFNJY639ZW;
				GENERATE_INFOPLIST_FILE = YES;
				INFOPLIST_FILE = project/Info.plist;
				INFOPLIST_KEY_UIApplicationSupportsIndirectInputEvents = YES;
				INFOPLIST_KEY_UILaunchStoryboardName = LaunchScreen;
				INFOPLIST_KEY_UIMainStoryboardFile = Main;
				INFOPLIST_KEY_UISupportedInterfaceOrientations_iPad = "UIInterfaceOrientationPortrait UIInterfaceOrientationPortraitUpsideDown UIInterfaceOrientationLandscapeLeft UIInterfaceOrientationLandscapeRight";
				INFOPLIST_KEY_UISupportedInterfaceOrientations_iPhone = "UIInterfaceOrientationPortrait UIInterfaceOrientationLandscapeLeft UIInterfaceOrientationLandscapeRight";
				LD_RUNPATH_SEARCH_PATHS = (
					"$(inherited)",
					"@executable_path/Frameworks",
				);
				MARKETING_VERSION = 1.0;
				PRODUCT_BUNDLE_IDENTIFIER = sreehari.project;
				PRODUCT_NAME = "$(TARGET_NAME)";
				SWIFT_EMIT_LOC_STRINGS = YES;
				SWIFT_VERSION = 5.0;
				TARGETED_DEVICE_FAMILY = "1,2";
			};
			name = Release;
		};
		57BDA1D52ACE80D400011677 /* Debug */ = {
			isa = XCBuildConfiguration;
			buildSettings = {
				ALWAYS_EMBED_SWIFT_STANDARD_LIBRARIES = YES;
				BUNDLE_LOADER = "$(TEST_HOST)";
				CODE_SIGN_STYLE = Automatic;
				CURRENT_PROJECT_VERSION = 1;
				DEVELOPMENT_TEAM = LFNJY639ZW;
				GENERATE_INFOPLIST_FILE = YES;
				IPHONEOS_DEPLOYMENT_TARGET = 16.4;
				MARKETING_VERSION = 1.0;
				PRODUCT_BUNDLE_IDENTIFIER = sreehari.projectTests;
				PRODUCT_NAME = "$(TARGET_NAME)";
				SWIFT_EMIT_LOC_STRINGS = NO;
				SWIFT_VERSION = 5.0;
				TARGETED_DEVICE_FAMILY = "1,2";
				TEST_HOST = "$(BUILT_PRODUCTS_DIR)/project.app/$(BUNDLE_EXECUTABLE_FOLDER_PATH)/project";
			};
			name = Debug;
		};
		57BDA1D62ACE80D400011677 /* Release */ = {
			isa = XCBuildConfiguration;
			buildSettings = {
				ALWAYS_EMBED_SWIFT_STANDARD_LIBRARIES = YES;
				BUNDLE_LOADER = "$(TEST_HOST)";
				CODE_SIGN_STYLE = Automatic;
				CURRENT_PROJECT_VERSION = 1;
				DEVELOPMENT_TEAM = LFNJY639ZW;
				GENERATE_INFOPLIST_FILE = YES;
				IPHONEOS_DEPLOYMENT_TARGET = 16.4;
				MARKETING_VERSION = 1.0;
				PRODUCT_BUNDLE_IDENTIFIER = sreehari.projectTests;
				PRODUCT_NAME = "$(TARGET_NAME)";
				SWIFT_EMIT_LOC_STRINGS = NO;
				SWIFT_VERSION = 5.0;
				TARGETED_DEVICE_FAMILY = "1,2";
				TEST_HOST = "$(BUILT_PRODUCTS_DIR)/project.app/$(BUNDLE_EXECUTABLE_FOLDER_PATH)/project";
			};
			name = Release;
		};
		57BDA1D82ACE80D400011677 /* Debug */ = {
			isa = XCBuildConfiguration;
			buildSettings = {
				ALWAYS_EMBED_SWIFT_STANDARD_LIBRARIES = YES;
				CODE_SIGN_STYLE = Automatic;
				CURRENT_PROJECT_VERSION = 1;
				DEVELOPMENT_TEAM = LFNJY639ZW;
				GENERATE_INFOPLIST_FILE = YES;
				MARKETING_VERSION = 1.0;
				PRODUCT_BUNDLE_IDENTIFIER = sreehari.projectUITests;
				PRODUCT_NAME = "$(TARGET_NAME)";
				SWIFT_EMIT_LOC_STRINGS = NO;
				SWIFT_VERSION = 5.0;
				TARGETED_DEVICE_FAMILY = "1,2";
				TEST_TARGET_NAME = project;
			};
			name = Debug;
		};
		57BDA1D92ACE80D400011677 /* Release */ = {
			isa = XCBuildConfiguration;
			buildSettings = {
				ALWAYS_EMBED_SWIFT_STANDARD_LIBRARIES = YES;
				CODE_SIGN_STYLE = Automatic;
				CURRENT_PROJECT_VERSION = 1;
				DEVELOPMENT_TEAM = LFNJY639ZW;
				GENERATE_INFOPLIST_FILE = YES;
				MARKETING_VERSION = 1.0;
				PRODUCT_BUNDLE_IDENTIFIER = sreehari.projectUITests;
				PRODUCT_NAME = "$(TARGET_NAME)";
				SWIFT_EMIT_LOC_STRINGS = NO;
				SWIFT_VERSION = 5.0;
				TARGETED_DEVICE_FAMILY = "1,2";
				TEST_TARGET_NAME = project;
			};
			name = Release;
		};
/* End XCBuildConfiguration section */

/* Begin XCConfigurationList section */
		57BDA1A22ACE80D200011677 /* Build configuration list for PBXProject "project" */ = {
			isa = XCConfigurationList;
			buildConfigurations = (
				57BDA1CF2ACE80D400011677 /* Debug */,
				57BDA1D02ACE80D400011677 /* Release */,
			);
			defaultConfigurationIsVisible = 0;
			defaultConfigurationName = Release;
		};
		57BDA1D12ACE80D400011677 /* Build configuration list for PBXNativeTarget "project" */ = {
			isa = XCConfigurationList;
			buildConfigurations = (
				57BDA1D22ACE80D400011677 /* Debug */,
				57BDA1D32ACE80D400011677 /* Release */,
			);
			defaultConfigurationIsVisible = 0;
			defaultConfigurationName = Release;
		};
		57BDA1D42ACE80D400011677 /* Build configuration list for PBXNativeTarget "projectTests" */ = {
			isa = XCConfigurationList;
			buildConfigurations = (
				57BDA1D52ACE80D400011677 /* Debug */,
				57BDA1D62ACE80D400011677 /* Release */,
			);
			defaultConfigurationIsVisible = 0;
			defaultConfigurationName = Release;
		};
		57BDA1D72ACE80D400011677 /* Build configuration list for PBXNativeTarget "projectUITests" */ = {
			isa = XCConfigurationList;
			buildConfigurations = (
				57BDA1D82ACE80D400011677 /* Debug */,
				57BDA1D92ACE80D400011677 /* Release */,
			);
			defaultConfigurationIsVisible = 0;
			defaultConfigurationName = Release;
		};
/* End XCConfigurationList section */
	};
	rootObject = 57BDA19F2ACE80D200011677 /* Project object */;
}
