// !$*UTF8*$!
{
	archiveVersion = 1;
	classes = {
	};
	objectVersion = 56;
	objects = {

/* Begin PBXBuildFile section */
		57E5350B2ACFC9C800B256D3 /* AppDelegate.swift in Sources */ = {isa = PBXBuildFile; fileRef = 57E5350A2ACFC9C800B256D3 /* AppDelegate.swift */; };
		57E5350D2ACFC9C800B256D3 /* SceneDelegate.swift in Sources */ = {isa = PBXBuildFile; fileRef = 57E5350C2ACFC9C800B256D3 /* SceneDelegate.swift */; };
		57E5350F2ACFC9C800B256D3 /* ViewController.swift in Sources */ = {isa = PBXBuildFile; fileRef = 57E5350E2ACFC9C800B256D3 /* ViewController.swift */; };
		57E535122ACFC9C800B256D3 /* Main.storyboard in Resources */ = {isa = PBXBuildFile; fileRef = 57E535102ACFC9C800B256D3 /* Main.storyboard */; };
		57E535142ACFC9C900B256D3 /* Assets.xcassets in Resources */ = {isa = PBXBuildFile; fileRef = 57E535132ACFC9C900B256D3 /* Assets.xcassets */; };
		57E535172ACFC9C900B256D3 /* LaunchScreen.storyboard in Resources */ = {isa = PBXBuildFile; fileRef = 57E535152ACFC9C900B256D3 /* LaunchScreen.storyboard */; };
		57E535222ACFC9C900B256D3 /* CoreDataTests.swift in Sources */ = {isa = PBXBuildFile; fileRef = 57E535212ACFC9C900B256D3 /* CoreDataTests.swift */; };
		57E5352C2ACFC9C900B256D3 /* CoreDataUITests.swift in Sources */ = {isa = PBXBuildFile; fileRef = 57E5352B2ACFC9C900B256D3 /* CoreDataUITests.swift */; };
		57E5352E2ACFC9C900B256D3 /* CoreDataUITestsLaunchTests.swift in Sources */ = {isa = PBXBuildFile; fileRef = 57E5352D2ACFC9C900B256D3 /* CoreDataUITestsLaunchTests.swift */; };
/* End PBXBuildFile section */

/* Begin PBXContainerItemProxy section */
		57E5351E2ACFC9C900B256D3 /* PBXContainerItemProxy */ = {
			isa = PBXContainerItemProxy;
			containerPortal = 57E534FF2ACFC9C800B256D3 /* Project object */;
			proxyType = 1;
			remoteGlobalIDString = 57E535062ACFC9C800B256D3;
			remoteInfo = CoreData;
		};
		57E535282ACFC9C900B256D3 /* PBXContainerItemProxy */ = {
			isa = PBXContainerItemProxy;
			containerPortal = 57E534FF2ACFC9C800B256D3 /* Project object */;
			proxyType = 1;
			remoteGlobalIDString = 57E535062ACFC9C800B256D3;
			remoteInfo = CoreData;
		};
/* End PBXContainerItemProxy section */

/* Begin PBXFileReference section */
		57E535072ACFC9C800B256D3 /* CoreData.app */ = {isa = PBXFileReference; explicitFileType = wrapper.application; includeInIndex = 0; path = CoreData.app; sourceTree = BUILT_PRODUCTS_DIR; };
		57E5350A2ACFC9C800B256D3 /* AppDelegate.swift */ = {isa = PBXFileReference; lastKnownFileType = sourcecode.swift; path = AppDelegate.swift; sourceTree = "<group>"; };
		57E5350C2ACFC9C800B256D3 /* SceneDelegate.swift */ = {isa = PBXFileReference; lastKnownFileType = sourcecode.swift; path = SceneDelegate.swift; sourceTree = "<group>"; };
		57E5350E2ACFC9C800B256D3 /* ViewController.swift */ = {isa = PBXFileReference; lastKnownFileType = sourcecode.swift; path = ViewController.swift; sourceTree = "<group>"; };
		57E535112ACFC9C800B256D3 /* Base */ = {isa = PBXFileReference; lastKnownFileType = file.storyboard; name = Base; path = Base.lproj/Main.storyboard; sourceTree = "<group>"; };
		57E535132ACFC9C900B256D3 /* Assets.xcassets */ = {isa = PBXFileReference; lastKnownFileType = folder.assetcatalog; path = Assets.xcassets; sourceTree = "<group>"; };
		57E535162ACFC9C900B256D3 /* Base */ = {isa = PBXFileReference; lastKnownFileType = file.storyboard; name = Base; path = Base.lproj/LaunchScreen.storyboard; sourceTree = "<group>"; };
		57E535182ACFC9C900B256D3 /* Info.plist */ = {isa = PBXFileReference; lastKnownFileType = text.plist.xml; path = Info.plist; sourceTree = "<group>"; };
		57E5351D2ACFC9C900B256D3 /* CoreDataTests.xctest */ = {isa = PBXFileReference; explicitFileType = wrapper.cfbundle; includeInIndex = 0; path = CoreDataTests.xctest; sourceTree = BUILT_PRODUCTS_DIR; };
		57E535212ACFC9C900B256D3 /* CoreDataTests.swift */ = {isa = PBXFileReference; lastKnownFileType = sourcecode.swift; path = CoreDataTests.swift; sourceTree = "<group>"; };
		57E535272ACFC9C900B256D3 /* CoreDataUITests.xctest */ = {isa = PBXFileReference; explicitFileType = wrapper.cfbundle; includeInIndex = 0; path = CoreDataUITests.xctest; sourceTree = BUILT_PRODUCTS_DIR; };
		57E5352B2ACFC9C900B256D3 /* CoreDataUITests.swift */ = {isa = PBXFileReference; lastKnownFileType = sourcecode.swift; path = CoreDataUITests.swift; sourceTree = "<group>"; };
		57E5352D2ACFC9C900B256D3 /* CoreDataUITestsLaunchTests.swift */ = {isa = PBXFileReference; lastKnownFileType = sourcecode.swift; path = CoreDataUITestsLaunchTests.swift; sourceTree = "<group>"; };
/* End PBXFileReference section */

/* Begin PBXFrameworksBuildPhase section */
		57E535042ACFC9C800B256D3 /* Frameworks */ = {
			isa = PBXFrameworksBuildPhase;
			buildActionMask = 2147483647;
			files = (
			);
			runOnlyForDeploymentPostprocessing = 0;
		};
		57E5351A2ACFC9C900B256D3 /* Frameworks */ = {
			isa = PBXFrameworksBuildPhase;
			buildActionMask = 2147483647;
			files = (
			);
			runOnlyForDeploymentPostprocessing = 0;
		};
		57E535242ACFC9C900B256D3 /* Frameworks */ = {
			isa = PBXFrameworksBuildPhase;
			buildActionMask = 2147483647;
			files = (
			);
			runOnlyForDeploymentPostprocessing = 0;
		};
/* End PBXFrameworksBuildPhase section */

/* Begin PBXGroup section */
		57E534FE2ACFC9C800B256D3 = {
			isa = PBXGroup;
			children = (
				57E535092ACFC9C800B256D3 /* CoreData */,
				57E535202ACFC9C900B256D3 /* CoreDataTests */,
				57E5352A2ACFC9C900B256D3 /* CoreDataUITests */,
				57E535082ACFC9C800B256D3 /* Products */,
			);
			sourceTree = "<group>";
		};
		57E535082ACFC9C800B256D3 /* Products */ = {
			isa = PBXGroup;
			children = (
				57E535072ACFC9C800B256D3 /* CoreData.app */,
				57E5351D2ACFC9C900B256D3 /* CoreDataTests.xctest */,
				57E535272ACFC9C900B256D3 /* CoreDataUITests.xctest */,
			);
			name = Products;
			sourceTree = "<group>";
		};
		57E535092ACFC9C800B256D3 /* CoreData */ = {
			isa = PBXGroup;
			children = (
				57E5350A2ACFC9C800B256D3 /* AppDelegate.swift */,
				57E5350C2ACFC9C800B256D3 /* SceneDelegate.swift */,
				57E5350E2ACFC9C800B256D3 /* ViewController.swift */,
				57E535102ACFC9C800B256D3 /* Main.storyboard */,
				57E535132ACFC9C900B256D3 /* Assets.xcassets */,
				57E535152ACFC9C900B256D3 /* LaunchScreen.storyboard */,
				57E535182ACFC9C900B256D3 /* Info.plist */,
			);
			path = CoreData;
			sourceTree = "<group>";
		};
		57E535202ACFC9C900B256D3 /* CoreDataTests */ = {
			isa = PBXGroup;
			children = (
				57E535212ACFC9C900B256D3 /* CoreDataTests.swift */,
			);
			path = CoreDataTests;
			sourceTree = "<group>";
		};
		57E5352A2ACFC9C900B256D3 /* CoreDataUITests */ = {
			isa = PBXGroup;
			children = (
				57E5352B2ACFC9C900B256D3 /* CoreDataUITests.swift */,
				57E5352D2ACFC9C900B256D3 /* CoreDataUITestsLaunchTests.swift */,
			);
			path = CoreDataUITests;
			sourceTree = "<group>";
		};
/* End PBXGroup section */

/* Begin PBXNativeTarget section */
		57E535062ACFC9C800B256D3 /* CoreData */ = {
			isa = PBXNativeTarget;
			buildConfigurationList = 57E535312ACFC9C900B256D3 /* Build configuration list for PBXNativeTarget "CoreData" */;
			buildPhases = (
				57E535032ACFC9C800B256D3 /* Sources */,
				57E535042ACFC9C800B256D3 /* Frameworks */,
				57E535052ACFC9C800B256D3 /* Resources */,
			);
			buildRules = (
			);
			dependencies = (
			);
			name = CoreData;
			productName = CoreData;
			productReference = 57E535072ACFC9C800B256D3 /* CoreData.app */;
			productType = "com.apple.product-type.application";
		};
		57E5351C2ACFC9C900B256D3 /* CoreDataTests */ = {
			isa = PBXNativeTarget;
			buildConfigurationList = 57E535342ACFC9C900B256D3 /* Build configuration list for PBXNativeTarget "CoreDataTests" */;
			buildPhases = (
				57E535192ACFC9C900B256D3 /* Sources */,
				57E5351A2ACFC9C900B256D3 /* Frameworks */,
				57E5351B2ACFC9C900B256D3 /* Resources */,
			);
			buildRules = (
			);
			dependencies = (
				57E5351F2ACFC9C900B256D3 /* PBXTargetDependency */,
			);
			name = CoreDataTests;
			productName = CoreDataTests;
			productReference = 57E5351D2ACFC9C900B256D3 /* CoreDataTests.xctest */;
			productType = "com.apple.product-type.bundle.unit-test";
		};
		57E535262ACFC9C900B256D3 /* CoreDataUITests */ = {
			isa = PBXNativeTarget;
			buildConfigurationList = 57E535372ACFC9C900B256D3 /* Build configuration list for PBXNativeTarget "CoreDataUITests" */;
			buildPhases = (
				57E535232ACFC9C900B256D3 /* Sources */,
				57E535242ACFC9C900B256D3 /* Frameworks */,
				57E535252ACFC9C900B256D3 /* Resources */,
			);
			buildRules = (
			);
			dependencies = (
				57E535292ACFC9C900B256D3 /* PBXTargetDependency */,
			);
			name = CoreDataUITests;
			productName = CoreDataUITests;
			productReference = 57E535272ACFC9C900B256D3 /* CoreDataUITests.xctest */;
			productType = "com.apple.product-type.bundle.ui-testing";
		};
/* End PBXNativeTarget section */

/* Begin PBXProject section */
		57E534FF2ACFC9C800B256D3 /* Project object */ = {
			isa = PBXProject;
			attributes = {
				BuildIndependentTargetsInParallel = 1;
				LastSwiftUpdateCheck = 1430;
				LastUpgradeCheck = 1430;
				TargetAttributes = {
					57E535062ACFC9C800B256D3 = {
						CreatedOnToolsVersion = 14.3.1;
					};
					57E5351C2ACFC9C900B256D3 = {
						CreatedOnToolsVersion = 14.3.1;
						TestTargetID = 57E535062ACFC9C800B256D3;
					};
					57E535262ACFC9C900B256D3 = {
						CreatedOnToolsVersion = 14.3.1;
						TestTargetID = 57E535062ACFC9C800B256D3;
					};
				};
			};
			buildConfigurationList = 57E535022ACFC9C800B256D3 /* Build configuration list for PBXProject "CoreData" */;
			compatibilityVersion = "Xcode 14.0";
			developmentRegion = en;
			hasScannedForEncodings = 0;
			knownRegions = (
				en,
				Base,
			);
			mainGroup = 57E534FE2ACFC9C800B256D3;
			productRefGroup = 57E535082ACFC9C800B256D3 /* Products */;
			projectDirPath = "";
			projectRoot = "";
			targets = (
				57E535062ACFC9C800B256D3 /* CoreData */,
				57E5351C2ACFC9C900B256D3 /* CoreDataTests */,
				57E535262ACFC9C900B256D3 /* CoreDataUITests */,
			);
		};
/* End PBXProject section */

/* Begin PBXResourcesBuildPhase section */
		57E535052ACFC9C800B256D3 /* Resources */ = {
			isa = PBXResourcesBuildPhase;
			buildActionMask = 2147483647;
			files = (
				57E535172ACFC9C900B256D3 /* LaunchScreen.storyboard in Resources */,
				57E535142ACFC9C900B256D3 /* Assets.xcassets in Resources */,
				57E535122ACFC9C800B256D3 /* Main.storyboard in Resources */,
			);
			runOnlyForDeploymentPostprocessing = 0;
		};
		57E5351B2ACFC9C900B256D3 /* Resources */ = {
			isa = PBXResourcesBuildPhase;
			buildActionMask = 2147483647;
			files = (
			);
			runOnlyForDeploymentPostprocessing = 0;
		};
		57E535252ACFC9C900B256D3 /* Resources */ = {
			isa = PBXResourcesBuildPhase;
			buildActionMask = 2147483647;
			files = (
			);
			runOnlyForDeploymentPostprocessing = 0;
		};
/* End PBXResourcesBuildPhase section */

/* Begin PBXSourcesBuildPhase section */
		57E535032ACFC9C800B256D3 /* Sources */ = {
			isa = PBXSourcesBuildPhase;
			buildActionMask = 2147483647;
			files = (
				57E5350F2ACFC9C800B256D3 /* ViewController.swift in Sources */,
				57E5350B2ACFC9C800B256D3 /* AppDelegate.swift in Sources */,
				57E5350D2ACFC9C800B256D3 /* SceneDelegate.swift in Sources */,
			);
			runOnlyForDeploymentPostprocessing = 0;
		};
		57E535192ACFC9C900B256D3 /* Sources */ = {
			isa = PBXSourcesBuildPhase;
			buildActionMask = 2147483647;
			files = (
				57E535222ACFC9C900B256D3 /* CoreDataTests.swift in Sources */,
			);
			runOnlyForDeploymentPostprocessing = 0;
		};
		57E535232ACFC9C900B256D3 /* Sources */ = {
			isa = PBXSourcesBuildPhase;
			buildActionMask = 2147483647;
			files = (
				57E5352E2ACFC9C900B256D3 /* CoreDataUITestsLaunchTests.swift in Sources */,
				57E5352C2ACFC9C900B256D3 /* CoreDataUITests.swift in Sources */,
			);
			runOnlyForDeploymentPostprocessing = 0;
		};
/* End PBXSourcesBuildPhase section */

/* Begin PBXTargetDependency section */
		57E5351F2ACFC9C900B256D3 /* PBXTargetDependency */ = {
			isa = PBXTargetDependency;
			target = 57E535062ACFC9C800B256D3 /* CoreData */;
			targetProxy = 57E5351E2ACFC9C900B256D3 /* PBXContainerItemProxy */;
		};
		57E535292ACFC9C900B256D3 /* PBXTargetDependency */ = {
			isa = PBXTargetDependency;
			target = 57E535062ACFC9C800B256D3 /* CoreData */;
			targetProxy = 57E535282ACFC9C900B256D3 /* PBXContainerItemProxy */;
		};
/* End PBXTargetDependency section */

/* Begin PBXVariantGroup section */
		57E535102ACFC9C800B256D3 /* Main.storyboard */ = {
			isa = PBXVariantGroup;
			children = (
				57E535112ACFC9C800B256D3 /* Base */,
			);
			name = Main.storyboard;
			sourceTree = "<group>";
		};
		57E535152ACFC9C900B256D3 /* LaunchScreen.storyboard */ = {
			isa = PBXVariantGroup;
			children = (
				57E535162ACFC9C900B256D3 /* Base */,
			);
			name = LaunchScreen.storyboard;
			sourceTree = "<group>";
		};
/* End PBXVariantGroup section */

/* Begin XCBuildConfiguration section */
		57E5352F2ACFC9C900B256D3 /* Debug */ = {
			isa = XCBuildConfiguration;
			buildSettings = {
				ALWAYS_SEARCH_USER_PATHS = NO;
				CLANG_ANALYZER_NONNULL = YES;
				CLANG_ANALYZER_NUMBER_OBJECT_CONVERSION = YES_AGGRESSIVE;
				CLANG_CXX_LANGUAGE_STANDARD = "gnu++20";
				CLANG_ENABLE_MODULES = YES;
				CLANG_ENABLE_OBJC_ARC = YES;
				CLANG_ENABLE_OBJC_WEAK = YES;
				CLANG_WARN_BLOCK_CAPTURE_AUTORELEASING = YES;
				CLANG_WARN_BOOL_CONVERSION = YES;
				CLANG_WARN_COMMA = YES;
				CLANG_WARN_CONSTANT_CONVERSION = YES;
				CLANG_WARN_DEPRECATED_OBJC_IMPLEMENTATIONS = YES;
				CLANG_WARN_DIRECT_OBJC_ISA_USAGE = YES_ERROR;
				CLANG_WARN_DOCUMENTATION_COMMENTS = YES;
				CLANG_WARN_EMPTY_BODY = YES;
				CLANG_WARN_ENUM_CONVERSION = YES;
				CLANG_WARN_INFINITE_RECURSION = YES;
				CLANG_WARN_INT_CONVERSION = YES;
				CLANG_WARN_NON_LITERAL_NULL_CONVERSION = YES;
				CLANG_WARN_OBJC_IMPLICIT_RETAIN_SELF = YES;
				CLANG_WARN_OBJC_LITERAL_CONVERSION = YES;
				CLANG_WARN_OBJC_ROOT_CLASS = YES_ERROR;
				CLANG_WARN_QUOTED_INCLUDE_IN_FRAMEWORK_HEADER = YES;
				CLANG_WARN_RANGE_LOOP_ANALYSIS = YES;
				CLANG_WARN_STRICT_PROTOTYPES = YES;
				CLANG_WARN_SUSPICIOUS_MOVE = YES;
				CLANG_WARN_UNGUARDED_AVAILABILITY = YES_AGGRESSIVE;
				CLANG_WARN_UNREACHABLE_CODE = YES;
				CLANG_WARN__DUPLICATE_METHOD_MATCH = YES;
				COPY_PHASE_STRIP = NO;
				DEBUG_INFORMATION_FORMAT = dwarf;
				ENABLE_STRICT_OBJC_MSGSEND = YES;
				ENABLE_TESTABILITY = YES;
				GCC_C_LANGUAGE_STANDARD = gnu11;
				GCC_DYNAMIC_NO_PIC = NO;
				GCC_NO_COMMON_BLOCKS = YES;
				GCC_OPTIMIZATION_LEVEL = 0;
				GCC_PREPROCESSOR_DEFINITIONS = (
					"DEBUG=1",
					"$(inherited)",
				);
				GCC_WARN_64_TO_32_BIT_CONVERSION = YES;
				GCC_WARN_ABOUT_RETURN_TYPE = YES_ERROR;
				GCC_WARN_UNDECLARED_SELECTOR = YES;
				GCC_WARN_UNINITIALIZED_AUTOS = YES_AGGRESSIVE;
				GCC_WARN_UNUSED_FUNCTION = YES;
				GCC_WARN_UNUSED_VARIABLE = YES;
				IPHONEOS_DEPLOYMENT_TARGET = 16.4;
				MTL_ENABLE_DEBUG_INFO = INCLUDE_SOURCE;
				MTL_FAST_MATH = YES;
				ONLY_ACTIVE_ARCH = YES;
				SDKROOT = iphoneos;
				SWIFT_ACTIVE_COMPILATION_CONDITIONS = DEBUG;
				SWIFT_OPTIMIZATION_LEVEL = "-Onone";
			};
			name = Debug;
		};
		57E535302ACFC9C900B256D3 /* Release */ = {
			isa = XCBuildConfiguration;
			buildSettings = {
				ALWAYS_SEARCH_USER_PATHS = NO;
				CLANG_ANALYZER_NONNULL = YES;
				CLANG_ANALYZER_NUMBER_OBJECT_CONVERSION = YES_AGGRESSIVE;
				CLANG_CXX_LANGUAGE_STANDARD = "gnu++20";
				CLANG_ENABLE_MODULES = YES;
				CLANG_ENABLE_OBJC_ARC = YES;
				CLANG_ENABLE_OBJC_WEAK = YES;
				CLANG_WARN_BLOCK_CAPTURE_AUTORELEASING = YES;
				CLANG_WARN_BOOL_CONVERSION = YES;
				CLANG_WARN_COMMA = YES;
				CLANG_WARN_CONSTANT_CONVERSION = YES;
				CLANG_WARN_DEPRECATED_OBJC_IMPLEMENTATIONS = YES;
				CLANG_WARN_DIRECT_OBJC_ISA_USAGE = YES_ERROR;
				CLANG_WARN_DOCUMENTATION_COMMENTS = YES;
				CLANG_WARN_EMPTY_BODY = YES;
				CLANG_WARN_ENUM_CONVERSION = YES;
				CLANG_WARN_INFINITE_RECURSION = YES;
				CLANG_WARN_INT_CONVERSION = YES;
				CLANG_WARN_NON_LITERAL_NULL_CONVERSION = YES;
				CLANG_WARN_OBJC_IMPLICIT_RETAIN_SELF = YES;
				CLANG_WARN_OBJC_LITERAL_CONVERSION = YES;
				CLANG_WARN_OBJC_ROOT_CLASS = YES_ERROR;
				CLANG_WARN_QUOTED_INCLUDE_IN_FRAMEWORK_HEADER = YES;
				CLANG_WARN_RANGE_LOOP_ANALYSIS = YES;
				CLANG_WARN_STRICT_PROTOTYPES = YES;
				CLANG_WARN_SUSPICIOUS_MOVE = YES;
				CLANG_WARN_UNGUARDED_AVAILABILITY = YES_AGGRESSIVE;
				CLANG_WARN_UNREACHABLE_CODE = YES;
				CLANG_WARN__DUPLICATE_METHOD_MATCH = YES;
				COPY_PHASE_STRIP = NO;
				DEBUG_INFORMATION_FORMAT = "dwarf-with-dsym";
				ENABLE_NS_ASSERTIONS = NO;
				ENABLE_STRICT_OBJC_MSGSEND = YES;
				GCC_C_LANGUAGE_STANDARD = gnu11;
				GCC_NO_COMMON_BLOCKS = YES;
				GCC_WARN_64_TO_32_BIT_CONVERSION = YES;
				GCC_WARN_ABOUT_RETURN_TYPE = YES_ERROR;
				GCC_WARN_UNDECLARED_SELECTOR = YES;
				GCC_WARN_UNINITIALIZED_AUTOS = YES_AGGRESSIVE;
				GCC_WARN_UNUSED_FUNCTION = YES;
				GCC_WARN_UNUSED_VARIABLE = YES;
				IPHONEOS_DEPLOYMENT_TARGET = 16.4;
				MTL_ENABLE_DEBUG_INFO = NO;
				MTL_FAST_MATH = YES;
				SDKROOT = iphoneos;
				SWIFT_COMPILATION_MODE = wholemodule;
				SWIFT_OPTIMIZATION_LEVEL = "-O";
				VALIDATE_PRODUCT = YES;
			};
			name = Release;
		};
		57E535322ACFC9C900B256D3 /* Debug */ = {
			isa = XCBuildConfiguration;
			buildSettings = {
				ASSETCATALOG_COMPILER_APPICON_NAME = AppIcon;
				ASSETCATALOG_COMPILER_GLOBAL_ACCENT_COLOR_NAME = AccentColor;
				CODE_SIGN_STYLE = Automatic;
				CURRENT_PROJECT_VERSION = 1;
				DEVELOPMENT_TEAM = LFNJY639ZW;
				GENERATE_INFOPLIST_FILE = YES;
				INFOPLIST_FILE = CoreData/Info.plist;
				INFOPLIST_KEY_UIApplicationSupportsIndirectInputEvents = YES;
				INFOPLIST_KEY_UILaunchStoryboardName = LaunchScreen;
				INFOPLIST_KEY_UIMainStoryboardFile = Main;
				INFOPLIST_KEY_UISupportedInterfaceOrientations_iPad = "UIInterfaceOrientationPortrait UIInterfaceOrientationPortraitUpsideDown UIInterfaceOrientationLandscapeLeft UIInterfaceOrientationLandscapeRight";
				INFOPLIST_KEY_UISupportedInterfaceOrientations_iPhone = "UIInterfaceOrientationPortrait UIInterfaceOrientationLandscapeLeft UIInterfaceOrientationLandscapeRight";
				LD_RUNPATH_SEARCH_PATHS = (
					"$(inherited)",
					"@executable_path/Frameworks",
				);
				MARKETING_VERSION = 1.0;
				PRODUCT_BUNDLE_IDENTIFIER = sreehari.CoreData;
				PRODUCT_NAME = "$(TARGET_NAME)";
				SWIFT_EMIT_LOC_STRINGS = YES;
				SWIFT_VERSION = 5.0;
				TARGETED_DEVICE_FAMILY = "1,2";
			};
			name = Debug;
		};
		57E535332ACFC9C900B256D3 /* Release */ = {
			isa = XCBuildConfiguration;
			buildSettings = {
				ASSETCATALOG_COMPILER_APPICON_NAME = AppIcon;
				ASSETCATALOG_COMPILER_GLOBAL_ACCENT_COLOR_NAME = AccentColor;
				CODE_SIGN_STYLE = Automatic;
				CURRENT_PROJECT_VERSION = 1;
				DEVELOPMENT_TEAM = LFNJY639ZW;
				GENERATE_INFOPLIST_FILE = YES;
				INFOPLIST_FILE = CoreData/Info.plist;
				INFOPLIST_KEY_UIApplicationSupportsIndirectInputEvents = YES;
				INFOPLIST_KEY_UILaunchStoryboardName = LaunchScreen;
				INFOPLIST_KEY_UIMainStoryboardFile = Main;
				INFOPLIST_KEY_UISupportedInterfaceOrientations_iPad = "UIInterfaceOrientationPortrait UIInterfaceOrientationPortraitUpsideDown UIInterfaceOrientationLandscapeLeft UIInterfaceOrientationLandscapeRight";
				INFOPLIST_KEY_UISupportedInterfaceOrientations_iPhone = "UIInterfaceOrientationPortrait UIInterfaceOrientationLandscapeLeft UIInterfaceOrientationLandscapeRight";
				LD_RUNPATH_SEARCH_PATHS = (
					"$(inherited)",
					"@executable_path/Frameworks",
				);
				MARKETING_VERSION = 1.0;
				PRODUCT_BUNDLE_IDENTIFIER = sreehari.CoreData;
				PRODUCT_NAME = "$(TARGET_NAME)";
				SWIFT_EMIT_LOC_STRINGS = YES;
				SWIFT_VERSION = 5.0;
				TARGETED_DEVICE_FAMILY = "1,2";
			};
			name = Release;
		};
		57E535352ACFC9C900B256D3 /* Debug */ = {
			isa = XCBuildConfiguration;
			buildSettings = {
				ALWAYS_EMBED_SWIFT_STANDARD_LIBRARIES = YES;
				BUNDLE_LOADER = "$(TEST_HOST)";
				CODE_SIGN_STYLE = Automatic;
				CURRENT_PROJECT_VERSION = 1;
				DEVELOPMENT_TEAM = LFNJY639ZW;
				GENERATE_INFOPLIST_FILE = YES;
				IPHONEOS_DEPLOYMENT_TARGET = 16.4;
				MARKETING_VERSION = 1.0;
				PRODUCT_BUNDLE_IDENTIFIER = sreehari.CoreDataTests;
				PRODUCT_NAME = "$(TARGET_NAME)";
				SWIFT_EMIT_LOC_STRINGS = NO;
				SWIFT_VERSION = 5.0;
				TARGETED_DEVICE_FAMILY = "1,2";
				TEST_HOST = "$(BUILT_PRODUCTS_DIR)/CoreData.app/$(BUNDLE_EXECUTABLE_FOLDER_PATH)/CoreData";
			};
			name = Debug;
		};
		57E535362ACFC9C900B256D3 /* Release */ = {
			isa = XCBuildConfiguration;
			buildSettings = {
				ALWAYS_EMBED_SWIFT_STANDARD_LIBRARIES = YES;
				BUNDLE_LOADER = "$(TEST_HOST)";
				CODE_SIGN_STYLE = Automatic;
				CURRENT_PROJECT_VERSION = 1;
				DEVELOPMENT_TEAM = LFNJY639ZW;
				GENERATE_INFOPLIST_FILE = YES;
				IPHONEOS_DEPLOYMENT_TARGET = 16.4;
				MARKETING_VERSION = 1.0;
				PRODUCT_BUNDLE_IDENTIFIER = sreehari.CoreDataTests;
				PRODUCT_NAME = "$(TARGET_NAME)";
				SWIFT_EMIT_LOC_STRINGS = NO;
				SWIFT_VERSION = 5.0;
				TARGETED_DEVICE_FAMILY = "1,2";
				TEST_HOST = "$(BUILT_PRODUCTS_DIR)/CoreData.app/$(BUNDLE_EXECUTABLE_FOLDER_PATH)/CoreData";
			};
			name = Release;
		};
		57E535382ACFC9C900B256D3 /* Debug */ = {
			isa = XCBuildConfiguration;
			buildSettings = {
				ALWAYS_EMBED_SWIFT_STANDARD_LIBRARIES = YES;
				CODE_SIGN_STYLE = Automatic;
				CURRENT_PROJECT_VERSION = 1;
				DEVELOPMENT_TEAM = LFNJY639ZW;
				GENERATE_INFOPLIST_FILE = YES;
				MARKETING_VERSION = 1.0;
				PRODUCT_BUNDLE_IDENTIFIER = sreehari.CoreDataUITests;
				PRODUCT_NAME = "$(TARGET_NAME)";
				SWIFT_EMIT_LOC_STRINGS = NO;
				SWIFT_VERSION = 5.0;
				TARGETED_DEVICE_FAMILY = "1,2";
				TEST_TARGET_NAME = CoreData;
			};
			name = Debug;
		};
		57E535392ACFC9C900B256D3 /* Release */ = {
			isa = XCBuildConfiguration;
			buildSettings = {
				ALWAYS_EMBED_SWIFT_STANDARD_LIBRARIES = YES;
				CODE_SIGN_STYLE = Automatic;
				CURRENT_PROJECT_VERSION = 1;
				DEVELOPMENT_TEAM = LFNJY639ZW;
				GENERATE_INFOPLIST_FILE = YES;
				MARKETING_VERSION = 1.0;
				PRODUCT_BUNDLE_IDENTIFIER = sreehari.CoreDataUITests;
				PRODUCT_NAME = "$(TARGET_NAME)";
				SWIFT_EMIT_LOC_STRINGS = NO;
				SWIFT_VERSION = 5.0;
				TARGETED_DEVICE_FAMILY = "1,2";
				TEST_TARGET_NAME = CoreData;
			};
			name = Release;
		};
/* End XCBuildConfiguration section */

/* Begin XCConfigurationList section */
		57E535022ACFC9C800B256D3 /* Build configuration list for PBXProject "CoreData" */ = {
			isa = XCConfigurationList;
			buildConfigurations = (
				57E5352F2ACFC9C900B256D3 /* Debug */,
				57E535302ACFC9C900B256D3 /* Release */,
			);
			defaultConfigurationIsVisible = 0;
			defaultConfigurationName = Release;
		};
		57E535312ACFC9C900B256D3 /* Build configuration list for PBXNativeTarget "CoreData" */ = {
			isa = XCConfigurationList;
			buildConfigurations = (
				57E535322ACFC9C900B256D3 /* Debug */,
				57E535332ACFC9C900B256D3 /* Release */,
			);
			defaultConfigurationIsVisible = 0;
			defaultConfigurationName = Release;
		};
		57E535342ACFC9C900B256D3 /* Build configuration list for PBXNativeTarget "CoreDataTests" */ = {
			isa = XCConfigurationList;
			buildConfigurations = (
				57E535352ACFC9C900B256D3 /* Debug */,
				57E535362ACFC9C900B256D3 /* Release */,
			);
			defaultConfigurationIsVisible = 0;
			defaultConfigurationName = Release;
		};
		57E535372ACFC9C900B256D3 /* Build configuration list for PBXNativeTarget "CoreDataUITests" */ = {
			isa = XCConfigurationList;
			buildConfigurations = (
				57E535382ACFC9C900B256D3 /* Debug */,
				57E535392ACFC9C900B256D3 /* Release */,
			);
			defaultConfigurationIsVisible = 0;
			defaultConfigurationName = Release;
		};
/* End XCConfigurationList section */
	};
	rootObject = 57E534FF2ACFC9C800B256D3 /* Project object */;
}
